// !$*UTF8*$!
{
	archiveVersion = 1;
	classes = {
	};
	objectVersion = 46;
	objects = {

/* Begin PBXBuildFile section */
		5501289D1A1181CF00468D09 /* InfoPlist.strings in Resources */ = {isa = PBXBuildFile; fileRef = 5501289B1A1181CF00468D09 /* InfoPlist.strings */; };
		550FFAEF17CEE37D0003A2F3 /* CoreFoundation.framework in Frameworks */ = {isa = PBXBuildFile; fileRef = 551A76B2178693EA0052D185 /* CoreFoundation.framework */; };
		550FFAF117CEEECA0003A2F3 /* cfgHelper.m in Sources */ = {isa = PBXBuildFile; fileRef = 550FFAF017CEEEC90003A2F3 /* cfgHelper.m */; };
		551A76891786919F0052D185 /* Cocoa.framework in Frameworks */ = {isa = PBXBuildFile; fileRef = 551A749E17868B110052D185 /* Cocoa.framework */; };
		551A76951786923E0052D185 /* cfg.c in Sources */ = {isa = PBXBuildFile; fileRef = 551A752717868BEB0052D185 /* cfg.c */; };
		551A76961786923E0052D185 /* ControllerList.m in Sources */ = {isa = PBXBuildFile; fileRef = 551A752A17868BEB0052D185 /* ControllerList.m */; };
		551A76971786923E0052D185 /* MappingCell.m in Sources */ = {isa = PBXBuildFile; fileRef = 551A752C17868BEB0052D185 /* MappingCell.m */; };
		551A76981786923E0052D185 /* PadController.m in Sources */ = {isa = PBXBuildFile; fileRef = 551A752E17868BEB0052D185 /* PadController.m */; };
		551A76991786923E0052D185 /* PadView.m in Sources */ = {isa = PBXBuildFile; fileRef = 551A753017868BEB0052D185 /* PadView.m */; };
		551A769A1786923E0052D185 /* xkb.c in Sources */ = {isa = PBXBuildFile; fileRef = 551A753117868BEB0052D185 /* xkb.c */; };
		551A769B178692470052D185 /* Credits.rtf in Resources */ = {isa = PBXBuildFile; fileRef = 551A751D17868BEB0052D185 /* Credits.rtf */; };
		551A769D178692470052D185 /* Localizable.strings in Resources */ = {isa = PBXBuildFile; fileRef = 551A752117868BEB0052D185 /* Localizable.strings */; };
		551A769E178692470052D185 /* NetPcsxrGCInputPluginMain.xib in Resources */ = {isa = PBXBuildFile; fileRef = 551A752317868BEB0052D185 /* NetPcsxrGCInputPluginMain.xib */; };
		551A77E71786A4DD0052D185 /* Carbon.framework in Frameworks */ = {isa = PBXBuildFile; fileRef = 551A76AC178693C60052D185 /* Carbon.framework */; };
		55DEC00F24F5BF4600376D3F /* gcpad.c in Sources */ = {isa = PBXBuildFile; fileRef = 55DEC00E24F5BF4600376D3F /* gcpad.c */; };
		55DEC01124F5BF6900376D3F /* GameController.framework in Frameworks */ = {isa = PBXBuildFile; fileRef = 55DEC01024F5BF6900376D3F /* GameController.framework */; };
		55DEC01324F5C05100376D3F /* gcAnalog.c in Sources */ = {isa = PBXBuildFile; fileRef = 55DEC01224F5C05100376D3F /* gcAnalog.c */; };
/* End PBXBuildFile section */

/* Begin PBXFileReference section */
		5501289A1A1181AF00468D09 /* en */ = {isa = PBXFileReference; lastKnownFileType = text.rtf; name = en; path = en.lproj/Credits.rtf; sourceTree = "<group>"; };
		5501289C1A1181CF00468D09 /* en */ = {isa = PBXFileReference; fileEncoding = 4; lastKnownFileType = text.plist.strings; name = en; path = en.lproj/InfoPlist.strings; sourceTree = "<group>"; };
		550FFAF017CEEEC90003A2F3 /* cfgHelper.m */ = {isa = PBXFileReference; fileEncoding = 4; lastKnownFileType = sourcecode.c.objc; path = cfgHelper.m; sourceTree = "<group>"; };
		551A749E17868B110052D185 /* Cocoa.framework */ = {isa = PBXFileReference; lastKnownFileType = wrapper.framework; name = Cocoa.framework; path = System/Library/Frameworks/Cocoa.framework; sourceTree = SDKROOT; };
		551A74A117868B110052D185 /* AppKit.framework */ = {isa = PBXFileReference; lastKnownFileType = wrapper.framework; name = AppKit.framework; path = System/Library/Frameworks/AppKit.framework; sourceTree = SDKROOT; };
		551A74A217868B110052D185 /* CoreData.framework */ = {isa = PBXFileReference; lastKnownFileType = wrapper.framework; name = CoreData.framework; path = System/Library/Frameworks/CoreData.framework; sourceTree = SDKROOT; };
		551A74A317868B110052D185 /* Foundation.framework */ = {isa = PBXFileReference; lastKnownFileType = wrapper.framework; name = Foundation.framework; path = System/Library/Frameworks/Foundation.framework; sourceTree = SDKROOT; };
		551A752517868BEB0052D185 /* Info.plist */ = {isa = PBXFileReference; lastKnownFileType = text.plist.xml; path = Info.plist; sourceTree = "<group>"; };
		551A752717868BEB0052D185 /* cfg.c */ = {isa = PBXFileReference; lastKnownFileType = sourcecode.c.c; path = cfg.c; sourceTree = "<group>"; };
		551A752817868BEB0052D185 /* cfg.h */ = {isa = PBXFileReference; lastKnownFileType = sourcecode.c.h; path = cfg.h; sourceTree = "<group>"; };
		551A752917868BEB0052D185 /* ControllerList.h */ = {isa = PBXFileReference; lastKnownFileType = sourcecode.c.h; path = ControllerList.h; sourceTree = "<group>"; };
		551A752A17868BEB0052D185 /* ControllerList.m */ = {isa = PBXFileReference; lastKnownFileType = sourcecode.c.objc; path = ControllerList.m; sourceTree = "<group>"; };
		551A752B17868BEB0052D185 /* MappingCell.h */ = {isa = PBXFileReference; lastKnownFileType = sourcecode.c.h; path = MappingCell.h; sourceTree = "<group>"; };
		551A752C17868BEB0052D185 /* MappingCell.m */ = {isa = PBXFileReference; lastKnownFileType = sourcecode.c.objc; path = MappingCell.m; sourceTree = "<group>"; };
		551A752D17868BEB0052D185 /* PadController.h */ = {isa = PBXFileReference; lastKnownFileType = sourcecode.c.h; path = PadController.h; sourceTree = "<group>"; };
		551A752E17868BEB0052D185 /* PadController.m */ = {isa = PBXFileReference; lastKnownFileType = sourcecode.c.objc; path = PadController.m; sourceTree = "<group>"; };
		551A752F17868BEB0052D185 /* PadView.h */ = {isa = PBXFileReference; lastKnownFileType = sourcecode.c.h; path = PadView.h; sourceTree = "<group>"; };
		551A753017868BEB0052D185 /* PadView.m */ = {isa = PBXFileReference; lastKnownFileType = sourcecode.c.objc; path = PadView.m; sourceTree = "<group>"; };
		551A753117868BEB0052D185 /* xkb.c */ = {isa = PBXFileReference; lastKnownFileType = sourcecode.c.c; path = xkb.c; sourceTree = "<group>"; };
		551A768E1786919F0052D185 /* GCInput.psxplugin */ = {isa = PBXFileReference; explicitFileType = wrapper.cfbundle; includeInIndex = 0; path = GCInput.psxplugin; sourceTree = BUILT_PRODUCTS_DIR; };
		551A76AC178693C60052D185 /* Carbon.framework */ = {isa = PBXFileReference; lastKnownFileType = wrapper.framework; name = Carbon.framework; path = System/Library/Frameworks/Carbon.framework; sourceTree = SDKROOT; };
		551A76AF178693D60052D185 /* CoreServices.framework */ = {isa = PBXFileReference; lastKnownFileType = wrapper.framework; name = CoreServices.framework; path = System/Library/Frameworks/CoreServices.framework; sourceTree = SDKROOT; };
		551A76B2178693EA0052D185 /* CoreFoundation.framework */ = {isa = PBXFileReference; lastKnownFileType = wrapper.framework; name = CoreFoundation.framework; path = System/Library/Frameworks/CoreFoundation.framework; sourceTree = SDKROOT; };
		554B391418EB4C66000ADF68 /* DFInput.exp */ = {isa = PBXFileReference; lastKnownFileType = sourcecode.exports; name = DFInput.exp; path = Resources/DFInput.exp; sourceTree = "<group>"; };
		5569B0A1182F0B4100991C9C /* Base */ = {isa = PBXFileReference; lastKnownFileType = file.xib; name = Base; path = Base.lproj/NetPcsxrGCInputPluginMain.xib; sourceTree = "<group>"; };
		5569B0C1182F0BE100991C9C /* en */ = {isa = PBXFileReference; lastKnownFileType = text.plist.strings; name = en; path = en.lproj/NetPcsxrGCInputPluginMain.strings; sourceTree = "<group>"; };
		55707E901812357B007CC5D0 /* hu */ = {isa = PBXFileReference; fileEncoding = 4; lastKnownFileType = text.plist.strings; name = hu; path = hu.lproj/Localizable.strings; sourceTree = "<group>"; };
		558328D2184F246500DFACE4 /* zh-Hans */ = {isa = PBXFileReference; lastKnownFileType = text.plist.strings; name = "zh-Hans"; path = "zh-Hans.lproj/NetPcsxrGCInputPluginMain.strings"; sourceTree = "<group>"; };
		558328D3184F246B00DFACE4 /* zh-Hans */ = {isa = PBXFileReference; fileEncoding = 4; lastKnownFileType = text.plist.strings; name = "zh-Hans"; path = "zh-Hans.lproj/Localizable.strings"; sourceTree = "<group>"; };
		558328D4184F24A300DFACE4 /* zh-Hans */ = {isa = PBXFileReference; lastKnownFileType = text.rtf; name = "zh-Hans"; path = "zh-Hans.lproj/Credits.rtf"; sourceTree = "<group>"; };
		5589A68924B26BF9001A74BA /* plugins.xcconfig */ = {isa = PBXFileReference; lastKnownFileType = text.xcconfig; name = plugins.xcconfig; path = ../../plugins.xcconfig; sourceTree = "<group>"; };
		5589A68A24B26BF9001A74BA /* Pcsxr.xcconfig */ = {isa = PBXFileReference; lastKnownFileType = text.xcconfig; name = Pcsxr.xcconfig; path = ../../Pcsxr.xcconfig; sourceTree = "<group>"; };
		5593804E18F38C060022C282 /* en */ = {isa = PBXFileReference; fileEncoding = 4; lastKnownFileType = text.plist.strings; name = en; path = en.lproj/Localizable.strings; sourceTree = "<group>"; };
		5598AAFB17D2E9E90024F71D /* fr */ = {isa = PBXFileReference; fileEncoding = 4; lastKnownFileType = text.plist.strings; name = fr; path = fr.lproj/Localizable.strings; sourceTree = "<group>"; };
		55DEC00D24F5BF4600376D3F /* gcpad.h */ = {isa = PBXFileReference; lastKnownFileType = sourcecode.c.h; path = gcpad.h; sourceTree = "<group>"; };
		55DEC00E24F5BF4600376D3F /* gcpad.c */ = {isa = PBXFileReference; lastKnownFileType = sourcecode.c.c; path = gcpad.c; sourceTree = "<group>"; };
		55DEC01024F5BF6900376D3F /* GameController.framework */ = {isa = PBXFileReference; lastKnownFileType = wrapper.framework; name = GameController.framework; path = System/Library/Frameworks/GameController.framework; sourceTree = SDKROOT; };
		55DEC01224F5C05100376D3F /* gcAnalog.c */ = {isa = PBXFileReference; lastKnownFileType = sourcecode.c.c; path = gcAnalog.c; sourceTree = "<group>"; };
		55E159AB1845BA78007983CB /* fr */ = {isa = PBXFileReference; lastKnownFileType = text.plist.strings; name = fr; path = fr.lproj/NetPcsxrGCInputPluginMain.strings; sourceTree = "<group>"; };
		55E159AD1845BA7B007983CB /* hu */ = {isa = PBXFileReference; lastKnownFileType = text.plist.strings; name = hu; path = hu.lproj/NetPcsxrGCInputPluginMain.strings; sourceTree = "<group>"; };
/* End PBXFileReference section */

/* Begin PBXFrameworksBuildPhase section */
		551A76881786919F0052D185 /* Frameworks */ = {
			isa = PBXFrameworksBuildPhase;
			buildActionMask = 2147483647;
			files = (
				550FFAEF17CEE37D0003A2F3 /* CoreFoundation.framework in Frameworks */,
				551A77E71786A4DD0052D185 /* Carbon.framework in Frameworks */,
				55DEC01124F5BF6900376D3F /* GameController.framework in Frameworks */,
				551A76891786919F0052D185 /* Cocoa.framework in Frameworks */,
			);
			runOnlyForDeploymentPostprocessing = 0;
		};
/* End PBXFrameworksBuildPhase section */

/* Begin PBXGroup section */
		08FB7794FE84155DC02AAC07 /* Pcsxr */ = {
			isa = PBXGroup;
			children = (
				5589A68A24B26BF9001A74BA /* Pcsxr.xcconfig */,
				5589A68924B26BF9001A74BA /* plugins.xcconfig */,
				551A751817868BEB0052D185 /* DFInput */,
				551A749D17868B110052D185 /* Frameworks */,
				1AB674ADFE9D54B511CA2CBB /* Products */,
			);
			name = Pcsxr;
			sourceTree = "<group>";
		};
		1AB674ADFE9D54B511CA2CBB /* Products */ = {
			isa = PBXGroup;
			children = (
				551A768E1786919F0052D185 /* GCInput.psxplugin */,
			);
			name = Products;
			sourceTree = "<group>";
		};
		551A749D17868B110052D185 /* Frameworks */ = {
			isa = PBXGroup;
			children = (
				55DEC01024F5BF6900376D3F /* GameController.framework */,
				551A76AC178693C60052D185 /* Carbon.framework */,
				551A749E17868B110052D185 /* Cocoa.framework */,
				551A76B2178693EA0052D185 /* CoreFoundation.framework */,
				551A76AF178693D60052D185 /* CoreServices.framework */,
				551A74A117868B110052D185 /* AppKit.framework */,
				551A74A217868B110052D185 /* CoreData.framework */,
				551A74A317868B110052D185 /* Foundation.framework */,
			);
			name = Frameworks;
			sourceTree = "<group>";
		};
		551A751817868BEB0052D185 /* DFInput */ = {
			isa = PBXGroup;
			children = (
				551A752617868BEB0052D185 /* macsrc */,
				551A7671178690280052D185 /* Resources */,
			);
			name = DFInput;
			sourceTree = "<group>";
		};
		551A752617868BEB0052D185 /* macsrc */ = {
			isa = PBXGroup;
			children = (
				550FFAF017CEEEC90003A2F3 /* cfgHelper.m */,
				551A752717868BEB0052D185 /* cfg.c */,
				551A752817868BEB0052D185 /* cfg.h */,
				551A752917868BEB0052D185 /* ControllerList.h */,
				551A752A17868BEB0052D185 /* ControllerList.m */,
				551A752B17868BEB0052D185 /* MappingCell.h */,
				551A752C17868BEB0052D185 /* MappingCell.m */,
				551A752D17868BEB0052D185 /* PadController.h */,
				551A752E17868BEB0052D185 /* PadController.m */,
				551A752F17868BEB0052D185 /* PadView.h */,
				551A753017868BEB0052D185 /* PadView.m */,
				551A753117868BEB0052D185 /* xkb.c */,
				55DEC00D24F5BF4600376D3F /* gcpad.h */,
				55DEC00E24F5BF4600376D3F /* gcpad.c */,
				55DEC01224F5C05100376D3F /* gcAnalog.c */,
			);
			path = macsrc;
			sourceTree = "<group>";
		};
		551A7671178690280052D185 /* Resources */ = {
			isa = PBXGroup;
			children = (
				554B391418EB4C66000ADF68 /* DFInput.exp */,
				551A751D17868BEB0052D185 /* Credits.rtf */,
				5501289B1A1181CF00468D09 /* InfoPlist.strings */,
				551A752117868BEB0052D185 /* Localizable.strings */,
				551A752317868BEB0052D185 /* NetPcsxrGCInputPluginMain.xib */,
				551A752517868BEB0052D185 /* Info.plist */,
			);
			name = Resources;
			sourceTree = "<group>";
		};
/* End PBXGroup section */

/* Begin PBXNativeTarget section */
		551A76861786919F0052D185 /* GCInput */ = {
			isa = PBXNativeTarget;
			buildConfigurationList = 551A768B1786919F0052D185 /* Build configuration list for PBXNativeTarget "GCInput" */;
			buildPhases = (
				551A76871786919F0052D185 /* Sources */,
				551A76881786919F0052D185 /* Frameworks */,
				551A768A1786919F0052D185 /* Resources */,
			);
			buildRules = (
			);
			dependencies = (
			);
			name = GCInput;
			productName = BasePlugin;
			productReference = 551A768E1786919F0052D185 /* GCInput.psxplugin */;
			productType = "com.apple.product-type.bundle";
		};
/* End PBXNativeTarget section */

/* Begin PBXProject section */
		551B7793FE84155DC02AAC09 /* Project object */ = {
			isa = PBXProject;
			attributes = {
				LastSwiftUpdateCheck = 0700;
				LastUpgradeCheck = 0930;
			};
			buildConfigurationList = 71F353F80FD98DFE00CBEC28 /* Build configuration list for PBXProject "GCInput" */;
			compatibilityVersion = "Xcode 3.2";
			developmentRegion = en;
			hasScannedForEncodings = 1;
			knownRegions = (
				Base,
				en,
				ja,
				es,
				fr,
				de,
				"pt-BR",
				"zh-Hant-TW",
				ru,
				it,
				hu,
				"zh-Hans",
				"zh-Hant",
				"ko-KR",
			);
			mainGroup = 08FB7794FE84155DC02AAC07 /* Pcsxr */;
			projectDirPath = "";
			projectRoot = "";
			targets = (
				551A76861786919F0052D185 /* GCInput */,
			);
		};
/* End PBXProject section */

/* Begin PBXResourcesBuildPhase section */
		551A768A1786919F0052D185 /* Resources */ = {
			isa = PBXResourcesBuildPhase;
			buildActionMask = 2147483647;
			files = (
				551A769B178692470052D185 /* Credits.rtf in Resources */,
				5501289D1A1181CF00468D09 /* InfoPlist.strings in Resources */,
				551A769D178692470052D185 /* Localizable.strings in Resources */,
				551A769E178692470052D185 /* NetPcsxrGCInputPluginMain.xib in Resources */,
			);
			runOnlyForDeploymentPostprocessing = 0;
		};
/* End PBXResourcesBuildPhase section */

/* Begin PBXSourcesBuildPhase section */
		551A76871786919F0052D185 /* Sources */ = {
			isa = PBXSourcesBuildPhase;
			buildActionMask = 2147483647;
			files = (
				551A76951786923E0052D185 /* cfg.c in Sources */,
				551A76961786923E0052D185 /* ControllerList.m in Sources */,
				551A76971786923E0052D185 /* MappingCell.m in Sources */,
				55DEC00F24F5BF4600376D3F /* gcpad.c in Sources */,
				551A76981786923E0052D185 /* PadController.m in Sources */,
				551A76991786923E0052D185 /* PadView.m in Sources */,
				551A769A1786923E0052D185 /* xkb.c in Sources */,
				550FFAF117CEEECA0003A2F3 /* cfgHelper.m in Sources */,
				55DEC01324F5C05100376D3F /* gcAnalog.c in Sources */,
			);
			runOnlyForDeploymentPostprocessing = 0;
		};
/* End PBXSourcesBuildPhase section */

/* Begin PBXVariantGroup section */
		5501289B1A1181CF00468D09 /* InfoPlist.strings */ = {
			isa = PBXVariantGroup;
			children = (
				5501289C1A1181CF00468D09 /* en */,
			);
			name = InfoPlist.strings;
			sourceTree = "<group>";
		};
		551A751D17868BEB0052D185 /* Credits.rtf */ = {
			isa = PBXVariantGroup;
			children = (
				558328D4184F24A300DFACE4 /* zh-Hans */,
				5501289A1A1181AF00468D09 /* en */,
			);
			name = Credits.rtf;
			sourceTree = "<group>";
		};
		551A752117868BEB0052D185 /* Localizable.strings */ = {
			isa = PBXVariantGroup;
			children = (
				5593804E18F38C060022C282 /* en */,
				5598AAFB17D2E9E90024F71D /* fr */,
				55707E901812357B007CC5D0 /* hu */,
				558328D3184F246B00DFACE4 /* zh-Hans */,
			);
			name = Localizable.strings;
			sourceTree = "<group>";
		};
		551A752317868BEB0052D185 /* NetPcsxrGCInputPluginMain.xib */ = {
			isa = PBXVariantGroup;
			children = (
				5569B0A1182F0B4100991C9C /* Base */,
				5569B0C1182F0BE100991C9C /* en */,
				55E159AB1845BA78007983CB /* fr */,
				55E159AD1845BA7B007983CB /* hu */,
				558328D2184F246500DFACE4 /* zh-Hans */,
			);
			name = NetPcsxrGCInputPluginMain.xib;
			sourceTree = "<group>";
		};
/* End PBXVariantGroup section */

/* Begin XCBuildConfiguration section */
		551A768C1786919F0052D185 /* Debug */ = {
			isa = XCBuildConfiguration;
			buildSettings = {
				CLANG_WARN_EMPTY_BODY = YES;
				CODE_SIGN_IDENTITY = "";
				EXPORTED_SYMBOLS_FILE = Resources/DFInput.exp;
				FRAMEWORK_SEARCH_PATHS = /Library/Frameworks;
				GCC_DYNAMIC_NO_PIC = NO;
				GCC_NO_COMMON_BLOCKS = NO;
				GCC_PREPROCESSOR_DEFINITIONS_NOT_USED_IN_PRECOMPS = "PCSXRPLUG=DFInput";
				HEADER_SEARCH_PATHS = (
					/Library/Frameworks/SDL2.framework/Headers,
					"$(inherited)",
				);
				INFOPLIST_FILE = Info.plist;
				INSTALL_PATH = "$(USER_LIBRARY_DIR)/Playstation Emulator Plugins";
				LD_RUNPATH_SEARCH_PATHS = "@loader_path/../Frameworks";
				MACOSX_DEPLOYMENT_TARGET = 10.15;
				PRODUCT_BUNDLE_IDENTIFIER = net.pcsxr.GCInputPlugin;
				WRAPPER_EXTENSION = psxplugin;
			};
			name = Debug;
		};
		551A768D1786919F0052D185 /* Release */ = {
			isa = XCBuildConfiguration;
			buildSettings = {
				CLANG_WARN_EMPTY_BODY = YES;
				CODE_SIGN_IDENTITY = "";
				EXPORTED_SYMBOLS_FILE = Resources/DFInput.exp;
				FRAMEWORK_SEARCH_PATHS = /Library/Frameworks;
				GCC_NO_COMMON_BLOCKS = NO;
				GCC_PREPROCESSOR_DEFINITIONS_NOT_USED_IN_PRECOMPS = "PCSXRPLUG=DFInput";
				HEADER_SEARCH_PATHS = (
					/Library/Frameworks/SDL2.framework/Headers,
					"$(inherited)",
				);
				INFOPLIST_FILE = Info.plist;
				INSTALL_PATH = "$(USER_LIBRARY_DIR)/Playstation Emulator Plugins";
				LD_RUNPATH_SEARCH_PATHS = "@loader_path/../Frameworks";
				MACOSX_DEPLOYMENT_TARGET = 10.15;
				PRODUCT_BUNDLE_IDENTIFIER = net.pcsxr.GCInputPlugin;
				WRAPPER_EXTENSION = psxplugin;
			};
			name = Release;
		};
		557649B91786B09E007C4457 /* Instrument */ = {
			isa = XCBuildConfiguration;
			baseConfigurationReference = 5589A68924B26BF9001A74BA /* plugins.xcconfig */;
			buildSettings = {
				ALWAYS_SEARCH_USER_PATHS = NO;
				CLANG_ANALYZER_LOCALIZABILITY_NONLOCALIZED = YES;
				CLANG_CXX_LANGUAGE_STANDARD = "gnu++0x";
				CLANG_CXX_LIBRARY = "libc++";
				CLANG_ENABLE_MODULES = YES;
				CLANG_ENABLE_OBJC_ARC = YES;
				CLANG_WARN_BLOCK_CAPTURE_AUTORELEASING = YES;
				CLANG_WARN_BOOL_CONVERSION = YES;
				CLANG_WARN_COMMA = NO;
				CLANG_WARN_CONSTANT_CONVERSION = YES;
				CLANG_WARN_DEPRECATED_OBJC_IMPLEMENTATIONS = YES;
				CLANG_WARN_DIRECT_OBJC_ISA_USAGE = YES_ERROR;
				CLANG_WARN_EMPTY_BODY = YES;
				CLANG_WARN_ENUM_CONVERSION = YES;
				CLANG_WARN_INFINITE_RECURSION = YES;
				CLANG_WARN_INT_CONVERSION = YES;
				CLANG_WARN_NON_LITERAL_NULL_CONVERSION = YES;
				CLANG_WARN_OBJC_IMPLICIT_RETAIN_SELF = YES;
				CLANG_WARN_OBJC_LITERAL_CONVERSION = YES;
				CLANG_WARN_OBJC_ROOT_CLASS = YES_ERROR;
				CLANG_WARN_RANGE_LOOP_ANALYSIS = YES;
				CLANG_WARN_STRICT_PROTOTYPES = YES;
				CLANG_WARN_SUSPICIOUS_MOVE = YES;
				CLANG_WARN_UNREACHABLE_CODE = YES;
				CLANG_WARN__DUPLICATE_METHOD_MATCH = YES;
				CODE_SIGN_IDENTITY = "-";
				COMBINE_HIDPI_IMAGES = YES;
				DEAD_CODE_STRIPPING = YES;
				DEBUG_INFORMATION_FORMAT = "dwarf-with-dsym";
				DEBUG_PREPROCESSOR_DEFINITIONS = "";
				ENABLE_NS_ASSERTIONS = NO;
				ENABLE_STRICT_OBJC_MSGSEND = YES;
				GCC_C_LANGUAGE_STANDARD = gnu99;
				GCC_GENERATE_DEBUGGING_SYMBOLS = YES;
				GCC_INCREASE_PRECOMPILED_HEADER_SHARING = YES;
				GCC_NO_COMMON_BLOCKS = YES;
				GCC_PREPROCESSOR_DEFINITIONS = (
					"_MACOSX=1",
					"$(DEBUG_PREPROCESSOR_DEFINITIONS)",
				);
				GCC_SYMBOLS_PRIVATE_EXTERN = NO;
				GCC_WARN_64_TO_32_BIT_CONVERSION = NO;
				GCC_WARN_ABOUT_POINTER_SIGNEDNESS = NO;
				GCC_WARN_ABOUT_RETURN_TYPE = YES_ERROR;
				GCC_WARN_UNDECLARED_SELECTOR = YES;
				GCC_WARN_UNINITIALIZED_AUTOS = YES_AGGRESSIVE;
				GCC_WARN_UNUSED_FUNCTION = YES;
				GCC_WARN_UNUSED_VARIABLE = YES;
				GENERATE_PKGINFO_FILE = YES;
				MACOSX_DEPLOYMENT_TARGET = 10.10;
				PRODUCT_NAME = "$(TARGET_NAME)";
				SDKROOT = macosx;
				SKIP_INSTALL = YES;
				WARNING_CFLAGS = (
					"-Wno-comment",
					"-Wobjc-interface-ivars",
				);
			};
			name = Instrument;
		};
		557649BE1786B09E007C4457 /* Instrument */ = {
			isa = XCBuildConfiguration;
			buildSettings = {
				CLANG_WARN_EMPTY_BODY = YES;
				CODE_SIGN_IDENTITY = "";
				EXPORTED_SYMBOLS_FILE = Resources/DFInput.exp;
				FRAMEWORK_SEARCH_PATHS = /Library/Frameworks;
				GCC_NO_COMMON_BLOCKS = NO;
				GCC_PREPROCESSOR_DEFINITIONS_NOT_USED_IN_PRECOMPS = "PCSXRPLUG=DFInput";
				HEADER_SEARCH_PATHS = (
					/Library/Frameworks/SDL2.framework/Headers,
					"$(inherited)",
				);
				INFOPLIST_FILE = Info.plist;
				INSTALL_PATH = "$(USER_LIBRARY_DIR)/Playstation Emulator Plugins";
				LD_RUNPATH_SEARCH_PATHS = "@loader_path/../Frameworks";
				MACOSX_DEPLOYMENT_TARGET = 10.15;
				PRODUCT_BUNDLE_IDENTIFIER = net.pcsxr.GCInputPlugin;
				WRAPPER_EXTENSION = psxplugin;
			};
			name = Instrument;
		};
		71F353F90FD98DFE00CBEC28 /* Debug */ = {
			isa = XCBuildConfiguration;
			baseConfigurationReference = 5589A68924B26BF9001A74BA /* plugins.xcconfig */;
			buildSettings = {
				ALWAYS_SEARCH_USER_PATHS = NO;
				CLANG_ANALYZER_LOCALIZABILITY_NONLOCALIZED = YES;
				CLANG_CXX_LANGUAGE_STANDARD = "gnu++0x";
				CLANG_CXX_LIBRARY = "libc++";
				CLANG_ENABLE_MODULES = YES;
				CLANG_ENABLE_OBJC_ARC = YES;
				CLANG_WARN_BLOCK_CAPTURE_AUTORELEASING = YES;
				CLANG_WARN_BOOL_CONVERSION = YES;
				CLANG_WARN_COMMA = NO;
				CLANG_WARN_CONSTANT_CONVERSION = YES;
				CLANG_WARN_DEPRECATED_OBJC_IMPLEMENTATIONS = YES;
				CLANG_WARN_DIRECT_OBJC_ISA_USAGE = YES_ERROR;
				CLANG_WARN_EMPTY_BODY = YES;
				CLANG_WARN_ENUM_CONVERSION = YES;
				CLANG_WARN_INFINITE_RECURSION = YES;
				CLANG_WARN_INT_CONVERSION = YES;
				CLANG_WARN_NON_LITERAL_NULL_CONVERSION = YES;
				CLANG_WARN_OBJC_IMPLICIT_RETAIN_SELF = YES;
				CLANG_WARN_OBJC_LITERAL_CONVERSION = YES;
				CLANG_WARN_OBJC_ROOT_CLASS = YES_ERROR;
				CLANG_WARN_RANGE_LOOP_ANALYSIS = YES;
				CLANG_WARN_STRICT_PROTOTYPES = YES;
				CLANG_WARN_SUSPICIOUS_MOVE = YES;
				CLANG_WARN_UNREACHABLE_CODE = YES;
				CLANG_WARN__DUPLICATE_METHOD_MATCH = YES;
				CODE_SIGN_IDENTITY = "-";
				COMBINE_HIDPI_IMAGES = YES;
				COPY_PHASE_STRIP = NO;
				DEAD_CODE_STRIPPING = NO;
				DEBUG_INFORMATION_FORMAT = "dwarf-with-dsym";
				DEBUG_PREPROCESSOR_DEFINITIONS = "DEBUG=1";
				ENABLE_STRICT_OBJC_MSGSEND = YES;
				ENABLE_TESTABILITY = YES;
				GCC_C_LANGUAGE_STANDARD = gnu99;
				GCC_GENERATE_DEBUGGING_SYMBOLS = YES;
				GCC_INCREASE_PRECOMPILED_HEADER_SHARING = YES;
				GCC_NO_COMMON_BLOCKS = YES;
				GCC_OPTIMIZATION_LEVEL = 0;
				GCC_PREPROCESSOR_DEFINITIONS = (
					"_MACOSX=1",
					"$(DEBUG_PREPROCESSOR_DEFINITIONS)",
				);
				GCC_SYMBOLS_PRIVATE_EXTERN = NO;
				GCC_WARN_64_TO_32_BIT_CONVERSION = NO;
				GCC_WARN_ABOUT_POINTER_SIGNEDNESS = NO;
				GCC_WARN_ABOUT_RETURN_TYPE = YES_ERROR;
				GCC_WARN_UNDECLARED_SELECTOR = YES;
				GCC_WARN_UNINITIALIZED_AUTOS = YES_AGGRESSIVE;
				GCC_WARN_UNUSED_FUNCTION = YES;
				GCC_WARN_UNUSED_VARIABLE = YES;
				GENERATE_PKGINFO_FILE = YES;
				MACOSX_DEPLOYMENT_TARGET = 10.10;
				ONLY_ACTIVE_ARCH = YES;
				PRODUCT_NAME = "$(TARGET_NAME)";
				SDKROOT = macosx;
				SKIP_INSTALL = YES;
				STRIP_INSTALLED_PRODUCT = NO;
				WARNING_CFLAGS = (
					"-Wno-comment",
					"-Wobjc-interface-ivars",
				);
			};
			name = Debug;
		};
		71F353FA0FD98DFE00CBEC28 /* Release */ = {
			isa = XCBuildConfiguration;
			baseConfigurationReference = 5589A68924B26BF9001A74BA /* plugins.xcconfig */;
			buildSettings = {
				ALWAYS_SEARCH_USER_PATHS = NO;
				CLANG_ANALYZER_LOCALIZABILITY_NONLOCALIZED = YES;
				CLANG_CXX_LANGUAGE_STANDARD = "gnu++0x";
				CLANG_CXX_LIBRARY = "libc++";
				CLANG_ENABLE_MODULES = YES;
				CLANG_ENABLE_OBJC_ARC = YES;
				CLANG_WARN_BLOCK_CAPTURE_AUTORELEASING = YES;
				CLANG_WARN_BOOL_CONVERSION = YES;
				CLANG_WARN_COMMA = NO;
				CLANG_WARN_CONSTANT_CONVERSION = YES;
				CLANG_WARN_DEPRECATED_OBJC_IMPLEMENTATIONS = YES;
				CLANG_WARN_DIRECT_OBJC_ISA_USAGE = YES_ERROR;
				CLANG_WARN_EMPTY_BODY = YES;
				CLANG_WARN_ENUM_CONVERSION = YES;
				CLANG_WARN_INFINITE_RECURSION = YES;
				CLANG_WARN_INT_CONVERSION = YES;
				CLANG_WARN_NON_LITERAL_NULL_CONVERSION = YES;
				CLANG_WARN_OBJC_IMPLICIT_RETAIN_SELF = YES;
				CLANG_WARN_OBJC_LITERAL_CONVERSION = YES;
				CLANG_WARN_OBJC_ROOT_CLASS = YES_ERROR;
				CLANG_WARN_RANGE_LOOP_ANALYSIS = YES;
				CLANG_WARN_STRICT_PROTOTYPES = YES;
				CLANG_WARN_SUSPICIOUS_MOVE = YES;
				CLANG_WARN_UNREACHABLE_CODE = YES;
				CLANG_WARN__DUPLICATE_METHOD_MATCH = YES;
				CODE_SIGN_IDENTITY = "-";
				COMBINE_HIDPI_IMAGES = YES;
				DEAD_CODE_STRIPPING = YES;
				DEBUG_INFORMATION_FORMAT = "dwarf-with-dsym";
				DEBUG_PREPROCESSOR_DEFINITIONS = "";
				ENABLE_NS_ASSERTIONS = NO;
				ENABLE_STRICT_OBJC_MSGSEND = YES;
				GCC_C_LANGUAGE_STANDARD = gnu99;
				GCC_GENERATE_DEBUGGING_SYMBOLS = YES;
				GCC_INCREASE_PRECOMPILED_HEADER_SHARING = YES;
				GCC_NO_COMMON_BLOCKS = YES;
				GCC_PREPROCESSOR_DEFINITIONS = (
					"_MACOSX=1",
					"$(DEBUG_PREPROCESSOR_DEFINITIONS)",
				);
				GCC_WARN_64_TO_32_BIT_CONVERSION = NO;
				GCC_WARN_ABOUT_POINTER_SIGNEDNESS = NO;
				GCC_WARN_ABOUT_RETURN_TYPE = YES_ERROR;
				GCC_WARN_UNDECLARED_SELECTOR = YES;
				GCC_WARN_UNINITIALIZED_AUTOS = YES_AGGRESSIVE;
				GCC_WARN_UNUSED_FUNCTION = YES;
				GCC_WARN_UNUSED_VARIABLE = YES;
				GENERATE_PKGINFO_FILE = YES;
				LLVM_LTO = YES;
				MACOSX_DEPLOYMENT_TARGET = 10.10;
				PRODUCT_NAME = "$(TARGET_NAME)";
				SDKROOT = macosx;
				SKIP_INSTALL = YES;
				WARNING_CFLAGS = (
					"-Wno-comment",
					"-Wobjc-interface-ivars",
				);
			};
			name = Release;
		};
/* End XCBuildConfiguration section */

/* Begin XCConfigurationList section */
		551A768B1786919F0052D185 /* Build configuration list for PBXNativeTarget "GCInput" */ = {
			isa = XCConfigurationList;
			buildConfigurations = (
				551A768C1786919F0052D185 /* Debug */,
				551A768D1786919F0052D185 /* Release */,
				557649BE1786B09E007C4457 /* Instrument */,
			);
			defaultConfigurationIsVisible = 0;
			defaultConfigurationName = Release;
		};
		71F353F80FD98DFE00CBEC28 /* Build configuration list for PBXProject "GCInput" */ = {
			isa = XCConfigurationList;
			buildConfigurations = (
				71F353F90FD98DFE00CBEC28 /* Debug */,
				71F353FA0FD98DFE00CBEC28 /* Release */,
				557649B91786B09E007C4457 /* Instrument */,
			);
			defaultConfigurationIsVisible = 0;
			defaultConfigurationName = Release;
		};
/* End XCConfigurationList section */
	};
	rootObject = 551B7793FE84155DC02AAC09 /* Project object */;
}
