// !$*UTF8*$!
{
	archiveVersion = 1;
	classes = {
	};
	objectVersion = 46;
	objects = {

/* Begin PBXBuildFile section */
		550128951A11817800468D09 /* InfoPlist.strings in Resources */ = {isa = PBXBuildFile; fileRef = 550128911A11817800468D09 /* InfoPlist.strings */; };
		550128961A11817800468D09 /* Localizable.strings in Resources */ = {isa = PBXBuildFile; fileRef = 550128931A11817800468D09 /* Localizable.strings */; };
		551A75C917868C4E0052D185 /* Cocoa.framework in Frameworks */ = {isa = PBXBuildFile; fileRef = 551A749E17868B110052D185 /* Cocoa.framework */; };
		551A75CF17868C860052D185 /* Bladesio1PluginConfig.xib in Resources */ = {isa = PBXBuildFile; fileRef = 551A74B417868BEA0052D185 /* Bladesio1PluginConfig.xib */; };
		551A75D017868C860052D185 /* Credits.rtf in Resources */ = {isa = PBXBuildFile; fileRef = 551A74B617868BEA0052D185 /* Credits.rtf */; };
		551A75D317868D0C0052D185 /* cfg.c in Sources */ = {isa = PBXBuildFile; fileRef = 551A74BF17868BEA0052D185 /* cfg.c */; };
		551A75D417868D1A0052D185 /* PluginConfigController.m in Sources */ = {isa = PBXBuildFile; fileRef = 551A74C117868BEA0052D185 /* PluginConfigController.m */; };
		551A75D517868D390052D185 /* connection.c in Sources */ = {isa = PBXBuildFile; fileRef = 551A75BC17868C400052D185 /* connection.c */; };
		551A75D617868D390052D185 /* fifo.c in Sources */ = {isa = PBXBuildFile; fileRef = 551A75BE17868C400052D185 /* fifo.c */; };
		551A75D717868D390052D185 /* sio1.c in Sources */ = {isa = PBXBuildFile; fileRef = 551A75C217868C400052D185 /* sio1.c */; };
/* End PBXBuildFile section */

/* Begin PBXFileReference section */
		2B976C00074C14B4007C050A /* Kernel.framework */ = {isa = PBXFileReference; lastKnownFileType = wrapper.framework; name = Kernel.framework; path = /System/Library/Frameworks/Kernel.framework; sourceTree = "<absolute>"; };
		5501288E1A1180C800468D09 /* en */ = {isa = PBXFileReference; lastKnownFileType = text.rtf; name = en; path = en.lproj/Credits.rtf; sourceTree = "<group>"; };
		550128921A11817800468D09 /* en */ = {isa = PBXFileReference; fileEncoding = 4; lastKnownFileType = text.plist.strings; name = en; path = en.lproj/InfoPlist.strings; sourceTree = "<group>"; };
		550128941A11817800468D09 /* en */ = {isa = PBXFileReference; fileEncoding = 4; lastKnownFileType = text.plist.strings; name = en; path = en.lproj/Localizable.strings; sourceTree = "<group>"; };
		550E343818E6293D00A1AD21 /* QuickLook.framework */ = {isa = PBXFileReference; lastKnownFileType = wrapper.framework; name = QuickLook.framework; path = System/Library/Frameworks/QuickLook.framework; sourceTree = SDKROOT; };
		551A749E17868B110052D185 /* Cocoa.framework */ = {isa = PBXFileReference; lastKnownFileType = wrapper.framework; name = Cocoa.framework; path = System/Library/Frameworks/Cocoa.framework; sourceTree = SDKROOT; };
		551A74A117868B110052D185 /* AppKit.framework */ = {isa = PBXFileReference; lastKnownFileType = wrapper.framework; name = AppKit.framework; path = System/Library/Frameworks/AppKit.framework; sourceTree = SDKROOT; };
		551A74A217868B110052D185 /* CoreData.framework */ = {isa = PBXFileReference; lastKnownFileType = wrapper.framework; name = CoreData.framework; path = System/Library/Frameworks/CoreData.framework; sourceTree = SDKROOT; };
		551A74A317868B110052D185 /* Foundation.framework */ = {isa = PBXFileReference; lastKnownFileType = wrapper.framework; name = Foundation.framework; path = System/Library/Frameworks/Foundation.framework; sourceTree = SDKROOT; };
		551A74BC17868BEA0052D185 /* Info.plist */ = {isa = PBXFileReference; lastKnownFileType = text.plist.xml; path = Info.plist; sourceTree = "<group>"; };
		551A74BF17868BEA0052D185 /* cfg.c */ = {isa = PBXFileReference; lastKnownFileType = sourcecode.c.c; path = cfg.c; sourceTree = "<group>"; };
		551A74C017868BEA0052D185 /* PluginConfigController.h */ = {isa = PBXFileReference; lastKnownFileType = sourcecode.c.h; path = PluginConfigController.h; sourceTree = "<group>"; };
		551A74C117868BEA0052D185 /* PluginConfigController.m */ = {isa = PBXFileReference; lastKnownFileType = sourcecode.c.objc; path = PluginConfigController.m; sourceTree = "<group>"; };
		551A75BC17868C400052D185 /* connection.c */ = {isa = PBXFileReference; lastKnownFileType = sourcecode.c.c; path = connection.c; sourceTree = "<group>"; };
		551A75BD17868C400052D185 /* connection.h */ = {isa = PBXFileReference; lastKnownFileType = sourcecode.c.h; path = connection.h; sourceTree = "<group>"; };
		551A75BE17868C400052D185 /* fifo.c */ = {isa = PBXFileReference; lastKnownFileType = sourcecode.c.c; path = fifo.c; sourceTree = "<group>"; };
		551A75BF17868C400052D185 /* fifo.h */ = {isa = PBXFileReference; lastKnownFileType = sourcecode.c.h; path = fifo.h; sourceTree = "<group>"; };
		551A75C217868C400052D185 /* sio1.c */ = {isa = PBXFileReference; lastKnownFileType = sourcecode.c.c; path = sio1.c; sourceTree = "<group>"; };
		551A75C317868C400052D185 /* sio1.h */ = {isa = PBXFileReference; lastKnownFileType = sourcecode.c.h; lineEnding = 0; path = sio1.h; sourceTree = "<group>"; xcLanguageSpecificationIdentifier = xcode.lang.objcpp; };
		551A75C517868C400052D185 /* typedefs.h */ = {isa = PBXFileReference; lastKnownFileType = sourcecode.c.h; path = typedefs.h; sourceTree = "<group>"; };
		551A75CE17868C4E0052D185 /* Bladesio1.psxplugin */ = {isa = PBXFileReference; explicitFileType = wrapper.cfbundle; includeInIndex = 0; path = Bladesio1.psxplugin; sourceTree = BUILT_PRODUCTS_DIR; };
		551A7684178691170052D185 /* IOKit.framework */ = {isa = PBXFileReference; lastKnownFileType = wrapper.framework; name = IOKit.framework; path = System/Library/Frameworks/IOKit.framework; sourceTree = SDKROOT; };
		551A76AC178693C60052D185 /* Carbon.framework */ = {isa = PBXFileReference; lastKnownFileType = wrapper.framework; name = Carbon.framework; path = System/Library/Frameworks/Carbon.framework; sourceTree = SDKROOT; };
		551A76AE178693D60052D185 /* ApplicationServices.framework */ = {isa = PBXFileReference; lastKnownFileType = wrapper.framework; name = ApplicationServices.framework; path = System/Library/Frameworks/ApplicationServices.framework; sourceTree = SDKROOT; };
		551A76AF178693D60052D185 /* CoreServices.framework */ = {isa = PBXFileReference; lastKnownFileType = wrapper.framework; name = CoreServices.framework; path = System/Library/Frameworks/CoreServices.framework; sourceTree = SDKROOT; };
		551A76B2178693EA0052D185 /* CoreFoundation.framework */ = {isa = PBXFileReference; lastKnownFileType = wrapper.framework; name = CoreFoundation.framework; path = System/Library/Frameworks/CoreFoundation.framework; sourceTree = SDKROOT; };
		551A76D1178695BD0052D185 /* GLUT.framework */ = {isa = PBXFileReference; lastKnownFileType = wrapper.framework; name = GLUT.framework; path = System/Library/Frameworks/GLUT.framework; sourceTree = SDKROOT; };
		551A76D2178695C70052D185 /* OpenGL.framework */ = {isa = PBXFileReference; lastKnownFileType = wrapper.framework; name = OpenGL.framework; path = System/Library/Frameworks/OpenGL.framework; sourceTree = SDKROOT; };
		551A76D8178696810052D185 /* libz.dylib */ = {isa = PBXFileReference; lastKnownFileType = "compiled.mach-o.dylib"; name = libz.dylib; path = usr/lib/libz.dylib; sourceTree = SDKROOT; };
		551A7723178699250052D185 /* OpenAL.framework */ = {isa = PBXFileReference; lastKnownFileType = wrapper.framework; name = OpenAL.framework; path = System/Library/Frameworks/OpenAL.framework; sourceTree = SDKROOT; };
		554FD70817C6A13E0056CF66 /* SDL2.framework */ = {isa = PBXFileReference; lastKnownFileType = wrapper.framework; name = SDL2.framework; path = /Library/Frameworks/SDL2.framework; sourceTree = "<absolute>"; };
		5569B09F182F0B3F00991C9C /* Base */ = {isa = PBXFileReference; lastKnownFileType = file.xib; name = Base; path = Base.lproj/Bladesio1PluginConfig.xib; sourceTree = "<group>"; };
		5569B0B3182F0B8B00991C9C /* en */ = {isa = PBXFileReference; lastKnownFileType = text.plist.strings; name = en; path = en.lproj/Bladesio1PluginConfig.strings; sourceTree = "<group>"; };
		558328CA184F237000DFACE4 /* zh-Hans */ = {isa = PBXFileReference; lastKnownFileType = text.plist.strings; name = "zh-Hans"; path = "zh-Hans.lproj/Bladesio1PluginConfig.strings"; sourceTree = "<group>"; };
		558328CB184F238F00DFACE4 /* zh-Hans */ = {isa = PBXFileReference; lastKnownFileType = text.rtf; name = "zh-Hans"; path = "zh-Hans.lproj/Credits.rtf"; sourceTree = "<group>"; };
		5589A67F24B26B99001A74BA /* Pcsxr.xcconfig */ = {isa = PBXFileReference; lastKnownFileType = text.xcconfig; name = Pcsxr.xcconfig; path = ../../Pcsxr.xcconfig; sourceTree = "<group>"; };
		5589A68024B26B99001A74BA /* plugins.xcconfig */ = {isa = PBXFileReference; lastKnownFileType = text.xcconfig; name = plugins.xcconfig; path = ../../plugins.xcconfig; sourceTree = "<group>"; };
		5590BB911A87DAA30027F61B /* Bladesio1.exp */ = {isa = PBXFileReference; lastKnownFileType = sourcecode.exports; path = Bladesio1.exp; sourceTree = "<group>"; };
		55CA586A17E799E6007424D5 /* DiskArbitration.framework */ = {isa = PBXFileReference; lastKnownFileType = wrapper.framework; name = DiskArbitration.framework; path = System/Library/Frameworks/DiskArbitration.framework; sourceTree = SDKROOT; };
		55E15993184564D4007983CB /* GLKit.framework */ = {isa = PBXFileReference; lastKnownFileType = wrapper.framework; name = GLKit.framework; path = System/Library/Frameworks/GLKit.framework; sourceTree = SDKROOT; };
		55E159A31845BA55007983CB /* fr */ = {isa = PBXFileReference; lastKnownFileType = text.plist.strings; name = fr; path = fr.lproj/Bladesio1PluginConfig.strings; sourceTree = "<group>"; };
		55E159A51845BA57007983CB /* hu */ = {isa = PBXFileReference; lastKnownFileType = text.plist.strings; name = hu; path = hu.lproj/Bladesio1PluginConfig.strings; sourceTree = "<group>"; };
		55E5AD9E1AF53865000471C5 /* libarchive.dylib */ = {isa = PBXFileReference; lastKnownFileType = "compiled.mach-o.dylib"; name = libarchive.dylib; path = usr/lib/libarchive.dylib; sourceTree = SDKROOT; };
/* End PBXFileReference section */

/* Begin PBXFrameworksBuildPhase section */
		551A75C817868C4E0052D185 /* Frameworks */ = {
			isa = PBXFrameworksBuildPhase;
			buildActionMask = 2147483647;
			files = (
				551A75C917868C4E0052D185 /* Cocoa.framework in Frameworks */,
			);
			runOnlyForDeploymentPostprocessing = 0;
		};
/* End PBXFrameworksBuildPhase section */

/* Begin PBXGroup section */
		08FB7794FE84155DC02AAC07 /* Pcsxr */ = {
			isa = PBXGroup;
			children = (
				5589A67F24B26B99001A74BA /* Pcsxr.xcconfig */,
				5589A68024B26B99001A74BA /* plugins.xcconfig */,
				551A74B017868BE90052D185 /* Bladesio1 */,
				551A749D17868B110052D185 /* Frameworks */,
				1AB674ADFE9D54B511CA2CBB /* Products */,
			);
			name = Pcsxr;
			sourceTree = "<group>";
		};
		1AB674ADFE9D54B511CA2CBB /* Products */ = {
			isa = PBXGroup;
			children = (
				551A75CE17868C4E0052D185 /* Bladesio1.psxplugin */,
			);
			name = Products;
			sourceTree = "<group>";
		};
		551A749D17868B110052D185 /* Frameworks */ = {
			isa = PBXGroup;
			children = (
				55E5AD9E1AF53865000471C5 /* libarchive.dylib */,
				55E15993184564D4007983CB /* GLKit.framework */,
				554FD70817C6A13E0056CF66 /* SDL2.framework */,
				55CA586A17E799E6007424D5 /* DiskArbitration.framework */,
				551A7723178699250052D185 /* OpenAL.framework */,
				551A76D1178695BD0052D185 /* GLUT.framework */,
				551A76D2178695C70052D185 /* OpenGL.framework */,
				2B976C00074C14B4007C050A /* Kernel.framework */,
				551A76AC178693C60052D185 /* Carbon.framework */,
				551A749E17868B110052D185 /* Cocoa.framework */,
				551A7684178691170052D185 /* IOKit.framework */,
				551A76B2178693EA0052D185 /* CoreFoundation.framework */,
				551A76AE178693D60052D185 /* ApplicationServices.framework */,
				551A76AF178693D60052D185 /* CoreServices.framework */,
				551A74A117868B110052D185 /* AppKit.framework */,
				551A74A217868B110052D185 /* CoreData.framework */,
				551A74A317868B110052D185 /* Foundation.framework */,
				551A76D8178696810052D185 /* libz.dylib */,
				550E343818E6293D00A1AD21 /* QuickLook.framework */,
			);
			name = Frameworks;
			sourceTree = "<group>";
		};
		551A74B017868BE90052D185 /* Bladesio1 */ = {
			isa = PBXGroup;
			children = (
				551A75BA17868C400052D185 /* src */,
				551A74BD17868BEA0052D185 /* macsrc */,
				551A75B917868C200052D185 /* Resources */,
			);
			name = Bladesio1;
			sourceTree = "<group>";
		};
		551A74BD17868BEA0052D185 /* macsrc */ = {
			isa = PBXGroup;
			children = (
				551A74BF17868BEA0052D185 /* cfg.c */,
				551A74C017868BEA0052D185 /* PluginConfigController.h */,
				551A74C117868BEA0052D185 /* PluginConfigController.m */,
			);
			path = macsrc;
			sourceTree = "<group>";
		};
		551A75B917868C200052D185 /* Resources */ = {
			isa = PBXGroup;
			children = (
				5590BB911A87DAA30027F61B /* Bladesio1.exp */,
				551A74B417868BEA0052D185 /* Bladesio1PluginConfig.xib */,
				550128911A11817800468D09 /* InfoPlist.strings */,
				550128931A11817800468D09 /* Localizable.strings */,
				551A74B617868BEA0052D185 /* Credits.rtf */,
				551A74BC17868BEA0052D185 /* Info.plist */,
			);
			name = Resources;
			sourceTree = "<group>";
		};
		551A75BA17868C400052D185 /* src */ = {
			isa = PBXGroup;
			children = (
				551A75BC17868C400052D185 /* connection.c */,
				551A75BD17868C400052D185 /* connection.h */,
				551A75BE17868C400052D185 /* fifo.c */,
				551A75BF17868C400052D185 /* fifo.h */,
				551A75C217868C400052D185 /* sio1.c */,
				551A75C317868C400052D185 /* sio1.h */,
				551A75C517868C400052D185 /* typedefs.h */,
			);
			name = src;
			path = ../../../plugins/bladesio1;
			sourceTree = "<group>";
		};
/* End PBXGroup section */

/* Begin PBXNativeTarget section */
		551A75C617868C4E0052D185 /* Bladesio1 */ = {
			isa = PBXNativeTarget;
			buildConfigurationList = 551A75CB17868C4E0052D185 /* Build configuration list for PBXNativeTarget "Bladesio1" */;
			buildPhases = (
				551A75C717868C4E0052D185 /* Sources */,
				551A75C817868C4E0052D185 /* Frameworks */,
				551A75CA17868C4E0052D185 /* Resources */,
			);
			buildRules = (
			);
			dependencies = (
			);
			name = Bladesio1;
			productName = BasePlugin;
			productReference = 551A75CE17868C4E0052D185 /* Bladesio1.psxplugin */;
			productType = "com.apple.product-type.bundle";
		};
/* End PBXNativeTarget section */

/* Begin PBXProject section */
		551B7793FE84155DC02AAC08 /* Project object */ = {
			isa = PBXProject;
			attributes = {
				LastSwiftUpdateCheck = 0700;
				LastUpgradeCheck = 0930;
			};
			buildConfigurationList = 71F353F80FD98DFE00CBEC28 /* Build configuration list for PBXProject "Bladesio1" */;
			compatibilityVersion = "Xcode 3.2";
			developmentRegion = en;
			hasScannedForEncodings = 1;
			knownRegions = (
				Base,
				en,
				ja,
				es,
				fr,
				de,
				"pt-BR",
				"zh-Hant-TW",
				ru,
				it,
				hu,
				"zh-Hans",
				"zh-Hant",
				"ko-KR",
			);
			mainGroup = 08FB7794FE84155DC02AAC07 /* Pcsxr */;
			projectDirPath = "";
			projectRoot = "";
			targets = (
				551A75C617868C4E0052D185 /* Bladesio1 */,
			);
		};
/* End PBXProject section */

/* Begin PBXResourcesBuildPhase section */
		551A75CA17868C4E0052D185 /* Resources */ = {
			isa = PBXResourcesBuildPhase;
			buildActionMask = 2147483647;
			files = (
				551A75CF17868C860052D185 /* Bladesio1PluginConfig.xib in Resources */,
				550128961A11817800468D09 /* Localizable.strings in Resources */,
				550128951A11817800468D09 /* InfoPlist.strings in Resources */,
				551A75D017868C860052D185 /* Credits.rtf in Resources */,
			);
			runOnlyForDeploymentPostprocessing = 0;
		};
/* End PBXResourcesBuildPhase section */

/* Begin PBXSourcesBuildPhase section */
		551A75C717868C4E0052D185 /* Sources */ = {
			isa = PBXSourcesBuildPhase;
			buildActionMask = 2147483647;
			files = (
				551A75D317868D0C0052D185 /* cfg.c in Sources */,
				551A75D417868D1A0052D185 /* PluginConfigController.m in Sources */,
				551A75D517868D390052D185 /* connection.c in Sources */,
				551A75D617868D390052D185 /* fifo.c in Sources */,
				551A75D717868D390052D185 /* sio1.c in Sources */,
			);
			runOnlyForDeploymentPostprocessing = 0;
		};
/* End PBXSourcesBuildPhase section */

/* Begin PBXVariantGroup section */
		550128911A11817800468D09 /* InfoPlist.strings */ = {
			isa = PBXVariantGroup;
			children = (
				550128921A11817800468D09 /* en */,
			);
			name = InfoPlist.strings;
			sourceTree = "<group>";
		};
		550128931A11817800468D09 /* Localizable.strings */ = {
			isa = PBXVariantGroup;
			children = (
				550128941A11817800468D09 /* en */,
			);
			name = Localizable.strings;
			sourceTree = "<group>";
		};
		551A74B417868BEA0052D185 /* Bladesio1PluginConfig.xib */ = {
			isa = PBXVariantGroup;
			children = (
				5569B09F182F0B3F00991C9C /* Base */,
				5569B0B3182F0B8B00991C9C /* en */,
				55E159A31845BA55007983CB /* fr */,
				55E159A51845BA57007983CB /* hu */,
				558328CA184F237000DFACE4 /* zh-Hans */,
			);
			name = Bladesio1PluginConfig.xib;
			sourceTree = "<group>";
		};
		551A74B617868BEA0052D185 /* Credits.rtf */ = {
			isa = PBXVariantGroup;
			children = (
				558328CB184F238F00DFACE4 /* zh-Hans */,
				5501288E1A1180C800468D09 /* en */,
			);
			name = Credits.rtf;
			sourceTree = "<group>";
		};
/* End PBXVariantGroup section */

/* Begin XCBuildConfiguration section */
		551A75CC17868C4E0052D185 /* Debug */ = {
			isa = XCBuildConfiguration;
			buildSettings = {
				CLANG_WARN_EMPTY_BODY = YES;
				CODE_SIGN_IDENTITY = "";
				EXPORTED_SYMBOLS_FILE = Bladesio1.exp;
				GCC_DYNAMIC_NO_PIC = NO;
				GCC_NO_COMMON_BLOCKS = NO;
				GCC_PREPROCESSOR_DEFINITIONS_NOT_USED_IN_PRECOMPS = "PCSXRPLUG=Bladesio1";
				INFOPLIST_FILE = Info.plist;
				INSTALL_PATH = "$(USER_LIBRARY_DIR)/Playstation Emulator Plugins";
				PRODUCT_BUNDLE_IDENTIFIER = net.pcsxr.Bladesio1;
				WRAPPER_EXTENSION = psxplugin;
			};
			name = Debug;
		};
		551A75CD17868C4E0052D185 /* Release */ = {
			isa = XCBuildConfiguration;
			buildSettings = {
				CLANG_WARN_EMPTY_BODY = YES;
				CODE_SIGN_IDENTITY = "";
				EXPORTED_SYMBOLS_FILE = Bladesio1.exp;
				GCC_NO_COMMON_BLOCKS = NO;
				GCC_PREPROCESSOR_DEFINITIONS_NOT_USED_IN_PRECOMPS = "PCSXRPLUG=Bladesio1";
				INFOPLIST_FILE = Info.plist;
				INSTALL_PATH = "$(USER_LIBRARY_DIR)/Playstation Emulator Plugins";
				PRODUCT_BUNDLE_IDENTIFIER = net.pcsxr.Bladesio1;
				WRAPPER_EXTENSION = psxplugin;
			};
			name = Release;
		};
		557649B91786B09E007C4457 /* Instrument */ = {
			isa = XCBuildConfiguration;
			baseConfigurationReference = 5589A68024B26B99001A74BA /* plugins.xcconfig */;
			buildSettings = {
				ALWAYS_SEARCH_USER_PATHS = NO;
				CLANG_ANALYZER_LOCALIZABILITY_NONLOCALIZED = YES;
				CLANG_CXX_LANGUAGE_STANDARD = "gnu++0x";
				CLANG_CXX_LIBRARY = "libc++";
				CLANG_ENABLE_MODULES = YES;
				CLANG_ENABLE_OBJC_ARC = YES;
				CLANG_WARN_BLOCK_CAPTURE_AUTORELEASING = YES;
				CLANG_WARN_BOOL_CONVERSION = YES;
				CLANG_WARN_COMMA = NO;
				CLANG_WARN_CONSTANT_CONVERSION = YES;
				CLANG_WARN_DEPRECATED_OBJC_IMPLEMENTATIONS = YES;
				CLANG_WARN_DIRECT_OBJC_ISA_USAGE = YES_ERROR;
				CLANG_WARN_EMPTY_BODY = YES;
				CLANG_WARN_ENUM_CONVERSION = YES;
				CLANG_WARN_INFINITE_RECURSION = YES;
				CLANG_WARN_INT_CONVERSION = YES;
				CLANG_WARN_NON_LITERAL_NULL_CONVERSION = YES;
				CLANG_WARN_OBJC_IMPLICIT_RETAIN_SELF = YES;
				CLANG_WARN_OBJC_LITERAL_CONVERSION = YES;
				CLANG_WARN_OBJC_ROOT_CLASS = YES_ERROR;
				CLANG_WARN_RANGE_LOOP_ANALYSIS = YES;
				CLANG_WARN_STRICT_PROTOTYPES = YES;
				CLANG_WARN_SUSPICIOUS_MOVE = YES;
				CLANG_WARN_UNREACHABLE_CODE = YES;
				CLANG_WARN__DUPLICATE_METHOD_MATCH = YES;
				CODE_SIGN_IDENTITY = "-";
				COMBINE_HIDPI_IMAGES = YES;
				DEAD_CODE_STRIPPING = YES;
				DEBUG_INFORMATION_FORMAT = "dwarf-with-dsym";
				DEBUG_PREPROCESSOR_DEFINITIONS = "";
				ENABLE_NS_ASSERTIONS = NO;
				ENABLE_STRICT_OBJC_MSGSEND = YES;
				GCC_C_LANGUAGE_STANDARD = gnu99;
				GCC_GENERATE_DEBUGGING_SYMBOLS = YES;
				GCC_INCREASE_PRECOMPILED_HEADER_SHARING = YES;
				GCC_NO_COMMON_BLOCKS = YES;
				GCC_PREPROCESSOR_DEFINITIONS = (
					"_MACOSX=1",
					"$(DEBUG_PREPROCESSOR_DEFINITIONS)",
				);
				GCC_SYMBOLS_PRIVATE_EXTERN = NO;
				GCC_WARN_64_TO_32_BIT_CONVERSION = NO;
				GCC_WARN_ABOUT_POINTER_SIGNEDNESS = NO;
				GCC_WARN_ABOUT_RETURN_TYPE = YES_ERROR;
				GCC_WARN_UNDECLARED_SELECTOR = YES;
				GCC_WARN_UNINITIALIZED_AUTOS = YES_AGGRESSIVE;
				GCC_WARN_UNUSED_FUNCTION = YES;
				GCC_WARN_UNUSED_VARIABLE = YES;
				GENERATE_PKGINFO_FILE = YES;
				PRODUCT_NAME = "$(TARGET_NAME)";
				SDKROOT = macosx;
				SKIP_INSTALL = YES;
				STRINGS_FILE_OUTPUT_ENCODING = binary;
				WARNING_CFLAGS = (
					"-Wno-comment",
					"-Wobjc-interface-ivars",
				);
			};
			name = Instrument;
		};
		557649C41786B09E007C4457 /* Instrument */ = {
			isa = XCBuildConfiguration;
			buildSettings = {
				CLANG_WARN_EMPTY_BODY = YES;
				CODE_SIGN_IDENTITY = "";
				EXPORTED_SYMBOLS_FILE = Bladesio1.exp;
				GCC_NO_COMMON_BLOCKS = NO;
				GCC_PREPROCESSOR_DEFINITIONS_NOT_USED_IN_PRECOMPS = "PCSXRPLUG=Bladesio1";
				INFOPLIST_FILE = Info.plist;
				INSTALL_PATH = "$(USER_LIBRARY_DIR)/Playstation Emulator Plugins";
				PRODUCT_BUNDLE_IDENTIFIER = net.pcsxr.Bladesio1;
				WRAPPER_EXTENSION = psxplugin;
			};
			name = Instrument;
		};
		71F353F90FD98DFE00CBEC28 /* Debug */ = {
			isa = XCBuildConfiguration;
			baseConfigurationReference = 5589A68024B26B99001A74BA /* plugins.xcconfig */;
			buildSettings = {
				ALWAYS_SEARCH_USER_PATHS = NO;
				CLANG_ANALYZER_LOCALIZABILITY_NONLOCALIZED = YES;
				CLANG_CXX_LANGUAGE_STANDARD = "gnu++0x";
				CLANG_CXX_LIBRARY = "libc++";
				CLANG_ENABLE_MODULES = YES;
				CLANG_ENABLE_OBJC_ARC = YES;
				CLANG_WARN_BLOCK_CAPTURE_AUTORELEASING = YES;
				CLANG_WARN_BOOL_CONVERSION = YES;
				CLANG_WARN_COMMA = NO;
				CLANG_WARN_CONSTANT_CONVERSION = YES;
				CLANG_WARN_DEPRECATED_OBJC_IMPLEMENTATIONS = YES;
				CLANG_WARN_DIRECT_OBJC_ISA_USAGE = YES_ERROR;
				CLANG_WARN_EMPTY_BODY = YES;
				CLANG_WARN_ENUM_CONVERSION = YES;
				CLANG_WARN_INFINITE_RECURSION = YES;
				CLANG_WARN_INT_CONVERSION = YES;
				CLANG_WARN_NON_LITERAL_NULL_CONVERSION = YES;
				CLANG_WARN_OBJC_IMPLICIT_RETAIN_SELF = YES;
				CLANG_WARN_OBJC_LITERAL_CONVERSION = YES;
				CLANG_WARN_OBJC_ROOT_CLASS = YES_ERROR;
				CLANG_WARN_RANGE_LOOP_ANALYSIS = YES;
				CLANG_WARN_STRICT_PROTOTYPES = YES;
				CLANG_WARN_SUSPICIOUS_MOVE = YES;
				CLANG_WARN_UNREACHABLE_CODE = YES;
				CLANG_WARN__DUPLICATE_METHOD_MATCH = YES;
				CODE_SIGN_IDENTITY = "-";
				COMBINE_HIDPI_IMAGES = YES;
				COPY_PHASE_STRIP = NO;
				DEAD_CODE_STRIPPING = NO;
				DEBUG_INFORMATION_FORMAT = "dwarf-with-dsym";
				DEBUG_PREPROCESSOR_DEFINITIONS = "DEBUG=1";
				ENABLE_STRICT_OBJC_MSGSEND = YES;
				ENABLE_TESTABILITY = YES;
				GCC_C_LANGUAGE_STANDARD = gnu99;
				GCC_GENERATE_DEBUGGING_SYMBOLS = YES;
				GCC_INCREASE_PRECOMPILED_HEADER_SHARING = YES;
				GCC_NO_COMMON_BLOCKS = YES;
				GCC_OPTIMIZATION_LEVEL = 0;
				GCC_PREPROCESSOR_DEFINITIONS = (
					"_MACOSX=1",
					"$(DEBUG_PREPROCESSOR_DEFINITIONS)",
				);
				GCC_SYMBOLS_PRIVATE_EXTERN = NO;
				GCC_WARN_64_TO_32_BIT_CONVERSION = NO;
				GCC_WARN_ABOUT_POINTER_SIGNEDNESS = NO;
				GCC_WARN_ABOUT_RETURN_TYPE = YES_ERROR;
				GCC_WARN_UNDECLARED_SELECTOR = YES;
				GCC_WARN_UNINITIALIZED_AUTOS = YES_AGGRESSIVE;
				GCC_WARN_UNUSED_FUNCTION = YES;
				GCC_WARN_UNUSED_VARIABLE = YES;
				GENERATE_PKGINFO_FILE = YES;
				ONLY_ACTIVE_ARCH = YES;
				PRODUCT_NAME = "$(TARGET_NAME)";
				SDKROOT = macosx;
				SKIP_INSTALL = YES;
				STRINGS_FILE_OUTPUT_ENCODING = binary;
				STRIP_INSTALLED_PRODUCT = NO;
				WARNING_CFLAGS = (
					"-Wno-comment",
					"-Wobjc-interface-ivars",
				);
			};
			name = Debug;
		};
		71F353FA0FD98DFE00CBEC28 /* Release */ = {
			isa = XCBuildConfiguration;
			baseConfigurationReference = 5589A68024B26B99001A74BA /* plugins.xcconfig */;
			buildSettings = {
				ALWAYS_SEARCH_USER_PATHS = NO;
				CLANG_ANALYZER_LOCALIZABILITY_NONLOCALIZED = YES;
				CLANG_CXX_LANGUAGE_STANDARD = "gnu++0x";
				CLANG_CXX_LIBRARY = "libc++";
				CLANG_ENABLE_MODULES = YES;
				CLANG_ENABLE_OBJC_ARC = YES;
				CLANG_WARN_BLOCK_CAPTURE_AUTORELEASING = YES;
				CLANG_WARN_BOOL_CONVERSION = YES;
				CLANG_WARN_COMMA = NO;
				CLANG_WARN_CONSTANT_CONVERSION = YES;
				CLANG_WARN_DEPRECATED_OBJC_IMPLEMENTATIONS = YES;
				CLANG_WARN_DIRECT_OBJC_ISA_USAGE = YES_ERROR;
				CLANG_WARN_EMPTY_BODY = YES;
				CLANG_WARN_ENUM_CONVERSION = YES;
				CLANG_WARN_INFINITE_RECURSION = YES;
				CLANG_WARN_INT_CONVERSION = YES;
				CLANG_WARN_NON_LITERAL_NULL_CONVERSION = YES;
				CLANG_WARN_OBJC_IMPLICIT_RETAIN_SELF = YES;
				CLANG_WARN_OBJC_LITERAL_CONVERSION = YES;
				CLANG_WARN_OBJC_ROOT_CLASS = YES_ERROR;
				CLANG_WARN_RANGE_LOOP_ANALYSIS = YES;
				CLANG_WARN_STRICT_PROTOTYPES = YES;
				CLANG_WARN_SUSPICIOUS_MOVE = YES;
				CLANG_WARN_UNREACHABLE_CODE = YES;
				CLANG_WARN__DUPLICATE_METHOD_MATCH = YES;
				CODE_SIGN_IDENTITY = "-";
				COMBINE_HIDPI_IMAGES = YES;
				DEAD_CODE_STRIPPING = YES;
				DEBUG_INFORMATION_FORMAT = "dwarf-with-dsym";
				DEBUG_PREPROCESSOR_DEFINITIONS = "";
				ENABLE_NS_ASSERTIONS = NO;
				ENABLE_STRICT_OBJC_MSGSEND = YES;
				GCC_C_LANGUAGE_STANDARD = gnu99;
				GCC_GENERATE_DEBUGGING_SYMBOLS = YES;
				GCC_INCREASE_PRECOMPILED_HEADER_SHARING = YES;
				GCC_NO_COMMON_BLOCKS = YES;
				GCC_PREPROCESSOR_DEFINITIONS = (
					"_MACOSX=1",
					"$(DEBUG_PREPROCESSOR_DEFINITIONS)",
				);
				GCC_WARN_64_TO_32_BIT_CONVERSION = NO;
				GCC_WARN_ABOUT_POINTER_SIGNEDNESS = NO;
				GCC_WARN_ABOUT_RETURN_TYPE = YES_ERROR;
				GCC_WARN_UNDECLARED_SELECTOR = YES;
				GCC_WARN_UNINITIALIZED_AUTOS = YES_AGGRESSIVE;
				GCC_WARN_UNUSED_FUNCTION = YES;
				GCC_WARN_UNUSED_VARIABLE = YES;
				GENERATE_PKGINFO_FILE = YES;
				LLVM_LTO = YES;
				PRODUCT_NAME = "$(TARGET_NAME)";
				SDKROOT = macosx;
				SKIP_INSTALL = YES;
				STRINGS_FILE_OUTPUT_ENCODING = binary;
				WARNING_CFLAGS = (
					"-Wno-comment",
					"-Wobjc-interface-ivars",
				);
			};
			name = Release;
		};
/* End XCBuildConfiguration section */

/* Begin XCConfigurationList section */
		551A75CB17868C4E0052D185 /* Build configuration list for PBXNativeTarget "Bladesio1" */ = {
			isa = XCConfigurationList;
			buildConfigurations = (
				551A75CC17868C4E0052D185 /* Debug */,
				551A75CD17868C4E0052D185 /* Release */,
				557649C41786B09E007C4457 /* Instrument */,
			);
			defaultConfigurationIsVisible = 0;
			defaultConfigurationName = Release;
		};
		71F353F80FD98DFE00CBEC28 /* Build configuration list for PBXProject "Bladesio1" */ = {
			isa = XCConfigurationList;
			buildConfigurations = (
				71F353F90FD98DFE00CBEC28 /* Debug */,
				71F353FA0FD98DFE00CBEC28 /* Release */,
				557649B91786B09E007C4457 /* Instrument */,
			);
			defaultConfigurationIsVisible = 0;
			defaultConfigurationName = Release;
		};
/* End XCConfigurationList section */
	};
	rootObject = 551B7793FE84155DC02AAC08 /* Project object */;
}
