// !$*UTF8*$!
{
	archiveVersion = 1;
	classes = {
	};
	objectVersion = 50;
	objects = {

/* Begin PBXBuildFile section */
		5589A79024B2D1B3001A74BA /* sio1.c in Sources */ = {isa = PBXBuildFile; fileRef = 5589A78D24B2D1B3001A74BA /* sio1.c */; };
/* End PBXBuildFile section */

/* Begin PBXFileReference section */
		5589A77B24B2D129001A74BA /* nullsio1.psxplugin */ = {isa = PBXFileReference; explicitFileType = wrapper.cfbundle; includeInIndex = 0; path = nullsio1.psxplugin; sourceTree = BUILT_PRODUCTS_DIR; };
		5589A77E24B2D129001A74BA /* Info.plist */ = {isa = PBXFileReference; lastKnownFileType = text.plist.xml; path = Info.plist; sourceTree = "<group>"; };
		5589A78A24B2D170001A74BA /* Pcsxr.xcconfig */ = {isa = PBXFileReference; lastKnownFileType = text.xcconfig; name = Pcsxr.xcconfig; path = ../../Pcsxr.xcconfig; sourceTree = "<group>"; };
		5589A78B24B2D170001A74BA /* plugins.xcconfig */ = {isa = PBXFileReference; lastKnownFileType = text.xcconfig; name = plugins.xcconfig; path = ../../plugins.xcconfig; sourceTree = "<group>"; };
		5589A78D24B2D1B3001A74BA /* sio1.c */ = {isa = PBXFileReference; fileEncoding = 4; lastKnownFileType = sourcecode.c.c; path = sio1.c; sourceTree = "<group>"; };
		5589A78F24B2D1B3001A74BA /* typedefs.h */ = {isa = PBXFileReference; fileEncoding = 4; lastKnownFileType = sourcecode.c.h; path = typedefs.h; sourceTree = "<group>"; };
/* End PBXFileReference section */

/* Begin PBXFrameworksBuildPhase section */
		5589A77824B2D129001A74BA /* Frameworks */ = {
			isa = PBXFrameworksBuildPhase;
			buildActionMask = 2147483647;
			files = (
			);
			runOnlyForDeploymentPostprocessing = 0;
		};
/* End PBXFrameworksBuildPhase section */

/* Begin PBXGroup section */
		5589A77224B2D129001A74BA = {
			isa = PBXGroup;
			children = (
				5589A78A24B2D170001A74BA /* Pcsxr.xcconfig */,
				5589A78B24B2D170001A74BA /* plugins.xcconfig */,
				5589A77D24B2D129001A74BA /* nullsio1 */,
				5589A77C24B2D129001A74BA /* Products */,
			);
			sourceTree = "<group>";
		};
		5589A77C24B2D129001A74BA /* Products */ = {
			isa = PBXGroup;
			children = (
				5589A77B24B2D129001A74BA /* nullsio1.psxplugin */,
			);
			name = Products;
			sourceTree = "<group>";
		};
		5589A77D24B2D129001A74BA /* nullsio1 */ = {
			isa = PBXGroup;
			children = (
				5589A78C24B2D1B3001A74BA /* nullsio1 */,
				5589A77E24B2D129001A74BA /* Info.plist */,
			);
			name = nullsio1;
			sourceTree = "<group>";
		};
		5589A78C24B2D1B3001A74BA /* nullsio1 */ = {
			isa = PBXGroup;
			children = (
				5589A78D24B2D1B3001A74BA /* sio1.c */,
				5589A78F24B2D1B3001A74BA /* typedefs.h */,
			);
			name = nullsio1;
			path = ../../../plugins/nullsio1;
			sourceTree = "<group>";
		};
/* End PBXGroup section */

/* Begin PBXNativeTarget section */
		5589A77A24B2D129001A74BA /* nullsio1 */ = {
			isa = PBXNativeTarget;
			buildConfigurationList = 5589A78124B2D129001A74BA /* Build configuration list for PBXNativeTarget "nullsio1" */;
			buildPhases = (
				5589A77724B2D129001A74BA /* Sources */,
				5589A77824B2D129001A74BA /* Frameworks */,
				5589A77924B2D129001A74BA /* Resources */,
			);
			buildRules = (
			);
			dependencies = (
			);
			name = nullsio1;
			productName = nullsio1;
			productReference = 5589A77B24B2D129001A74BA /* nullsio1.psxplugin */;
			productType = "com.apple.product-type.bundle";
		};
/* End PBXNativeTarget section */

/* Begin PBXProject section */
		5589A77324B2D129001A74BA /* Project object */ = {
			isa = PBXProject;
			attributes = {
				LastUpgradeCheck = 1130;
				ORGANIZATIONNAME = "C.W. Betts";
				TargetAttributes = {
					5589A77A24B2D129001A74BA = {
						CreatedOnToolsVersion = 11.3.1;
					};
				};
			};
			buildConfigurationList = 5589A77624B2D129001A74BA /* Build configuration list for PBXProject "nullsio1" */;
			compatibilityVersion = "Xcode 9.3";
			developmentRegion = en;
			hasScannedForEncodings = 0;
			knownRegions = (
				en,
				Base,
			);
			mainGroup = 5589A77224B2D129001A74BA;
			productRefGroup = 5589A77C24B2D129001A74BA /* Products */;
			projectDirPath = "";
			projectRoot = "";
			targets = (
				5589A77A24B2D129001A74BA /* nullsio1 */,
			);
		};
/* End PBXProject section */

/* Begin PBXResourcesBuildPhase section */
		5589A77924B2D129001A74BA /* Resources */ = {
			isa = PBXResourcesBuildPhase;
			buildActionMask = 2147483647;
			files = (
			);
			runOnlyForDeploymentPostprocessing = 0;
		};
/* End PBXResourcesBuildPhase section */

/* Begin PBXSourcesBuildPhase section */
		5589A77724B2D129001A74BA /* Sources */ = {
			isa = PBXSourcesBuildPhase;
			buildActionMask = 2147483647;
			files = (
				5589A79024B2D1B3001A74BA /* sio1.c in Sources */,
			);
			runOnlyForDeploymentPostprocessing = 0;
		};
/* End PBXSourcesBuildPhase section */

/* Begin XCBuildConfiguration section */
		5589A77F24B2D129001A74BA /* Debug */ = {
			isa = XCBuildConfiguration;
			baseConfigurationReference = 5589A78B24B2D170001A74BA /* plugins.xcconfig */;
			buildSettings = {
				CLANG_ANALYZER_NONNULL = YES;
				CLANG_ANALYZER_NUMBER_OBJECT_CONVERSION = YES_AGGRESSIVE;
				CLANG_CXX_LANGUAGE_STANDARD = "gnu++14";
				CLANG_CXX_LIBRARY = "libc++";
				CLANG_ENABLE_MODULES = YES;
				CLANG_ENABLE_OBJC_ARC = YES;
				CLANG_ENABLE_OBJC_WEAK = YES;
				CLANG_WARN_BLOCK_CAPTURE_AUTORELEASING = YES;
				CLANG_WARN_BOOL_CONVERSION = YES;
				CLANG_WARN_COMMA = YES;
				CLANG_WARN_CONSTANT_CONVERSION = YES;
				CLANG_WARN_DEPRECATED_OBJC_IMPLEMENTATIONS = YES;
				CLANG_WARN_DIRECT_OBJC_ISA_USAGE = YES_ERROR;
				CLANG_WARN_DOCUMENTATION_COMMENTS = YES;
				CLANG_WARN_EMPTY_BODY = YES;
				CLANG_WARN_ENUM_CONVERSION = YES;
				CLANG_WARN_INFINITE_RECURSION = YES;
				CLANG_WARN_INT_CONVERSION = YES;
				CLANG_WARN_NON_LITERAL_NULL_CONVERSION = YES;
				CLANG_WARN_OBJC_IMPLICIT_RETAIN_SELF = YES;
				CLANG_WARN_OBJC_LITERAL_CONVERSION = YES;
				CLANG_WARN_OBJC_ROOT_CLASS = YES_ERROR;
				CLANG_WARN_RANGE_LOOP_ANALYSIS = YES;
				CLANG_WARN_STRICT_PROTOTYPES = YES;
				CLANG_WARN_SUSPICIOUS_MOVE = YES;
				CLANG_WARN_UNGUARDED_AVAILABILITY = YES_AGGRESSIVE;
				CLANG_WARN_UNREACHABLE_CODE = YES;
				CLANG_WARN__DUPLICATE_METHOD_MATCH = YES;
				COPY_PHASE_STRIP = NO;
				ENABLE_STRICT_OBJC_MSGSEND = YES;
				ENABLE_TESTABILITY = YES;
				GCC_C_LANGUAGE_STANDARD = gnu11;
				GCC_DYNAMIC_NO_PIC = NO;
				GCC_NO_COMMON_BLOCKS = YES;
				GCC_OPTIMIZATION_LEVEL = 0;
				GCC_PREPROCESSOR_DEFINITIONS = (
					"DEBUG=1",
					"$(inherited)",
				);
				GCC_WARN_64_TO_32_BIT_CONVERSION = YES;
				GCC_WARN_ABOUT_RETURN_TYPE = YES_ERROR;
				GCC_WARN_UNDECLARED_SELECTOR = YES;
				GCC_WARN_UNINITIALIZED_AUTOS = YES_AGGRESSIVE;
				GCC_WARN_UNUSED_FUNCTION = YES;
				GCC_WARN_UNUSED_VARIABLE = YES;
				MTL_ENABLE_DEBUG_INFO = INCLUDE_SOURCE;
				MTL_FAST_MATH = YES;
				ONLY_ACTIVE_ARCH = YES;
				SDKROOT = macosx;
			};
			name = Debug;
		};
		5589A78024B2D129001A74BA /* Release */ = {
			isa = XCBuildConfiguration;
			baseConfigurationReference = 5589A78B24B2D170001A74BA /* plugins.xcconfig */;
			buildSettings = {
				CLANG_ANALYZER_NONNULL = YES;
				CLANG_ANALYZER_NUMBER_OBJECT_CONVERSION = YES_AGGRESSIVE;
				CLANG_CXX_LANGUAGE_STANDARD = "gnu++14";
				CLANG_CXX_LIBRARY = "libc++";
				CLANG_ENABLE_MODULES = YES;
				CLANG_ENABLE_OBJC_ARC = YES;
				CLANG_ENABLE_OBJC_WEAK = YES;
				CLANG_WARN_BLOCK_CAPTURE_AUTORELEASING = YES;
				CLANG_WARN_BOOL_CONVERSION = YES;
				CLANG_WARN_COMMA = YES;
				CLANG_WARN_CONSTANT_CONVERSION = YES;
				CLANG_WARN_DEPRECATED_OBJC_IMPLEMENTATIONS = YES;
				CLANG_WARN_DIRECT_OBJC_ISA_USAGE = YES_ERROR;
				CLANG_WARN_DOCUMENTATION_COMMENTS = YES;
				CLANG_WARN_EMPTY_BODY = YES;
				CLANG_WARN_ENUM_CONVERSION = YES;
				CLANG_WARN_INFINITE_RECURSION = YES;
				CLANG_WARN_INT_CONVERSION = YES;
				CLANG_WARN_NON_LITERAL_NULL_CONVERSION = YES;
				CLANG_WARN_OBJC_IMPLICIT_RETAIN_SELF = YES;
				CLANG_WARN_OBJC_LITERAL_CONVERSION = YES;
				CLANG_WARN_OBJC_ROOT_CLASS = YES_ERROR;
				CLANG_WARN_RANGE_LOOP_ANALYSIS = YES;
				CLANG_WARN_STRICT_PROTOTYPES = YES;
				CLANG_WARN_SUSPICIOUS_MOVE = YES;
				CLANG_WARN_UNGUARDED_AVAILABILITY = YES_AGGRESSIVE;
				CLANG_WARN_UNREACHABLE_CODE = YES;
				CLANG_WARN__DUPLICATE_METHOD_MATCH = YES;
				COPY_PHASE_STRIP = NO;
				ENABLE_NS_ASSERTIONS = NO;
				ENABLE_STRICT_OBJC_MSGSEND = YES;
				GCC_C_LANGUAGE_STANDARD = gnu11;
				GCC_NO_COMMON_BLOCKS = YES;
				GCC_WARN_64_TO_32_BIT_CONVERSION = YES;
				GCC_WARN_ABOUT_RETURN_TYPE = YES_ERROR;
				GCC_WARN_UNDECLARED_SELECTOR = YES;
				GCC_WARN_UNINITIALIZED_AUTOS = YES_AGGRESSIVE;
				GCC_WARN_UNUSED_FUNCTION = YES;
				GCC_WARN_UNUSED_VARIABLE = YES;
				MTL_ENABLE_DEBUG_INFO = NO;
				MTL_FAST_MATH = YES;
				SDKROOT = macosx;
			};
			name = Release;
		};
		5589A78224B2D129001A74BA /* Debug */ = {
			isa = XCBuildConfiguration;
			buildSettings = {
				CODE_SIGN_STYLE = Automatic;
				COMBINE_HIDPI_IMAGES = YES;
				INFOPLIST_FILE = Info.plist;
				INSTALL_PATH = "$(LOCAL_LIBRARY_DIR)/Bundles";
				PRODUCT_BUNDLE_IDENTIFIER = com.github.MaddTheSane.nullsio1;
				PRODUCT_NAME = "$(TARGET_NAME)";
				SKIP_INSTALL = YES;
				WRAPPER_EXTENSION = psxplugin;
			};
			name = Debug;
		};
		5589A78324B2D129001A74BA /* Release */ = {
			isa = XCBuildConfiguration;
			buildSettings = {
				CODE_SIGN_STYLE = Automatic;
				COMBINE_HIDPI_IMAGES = YES;
				INFOPLIST_FILE = Info.plist;
				INSTALL_PATH = "$(LOCAL_LIBRARY_DIR)/Bundles";
				PRODUCT_BUNDLE_IDENTIFIER = com.github.MaddTheSane.nullsio1;
				PRODUCT_NAME = "$(TARGET_NAME)";
				SKIP_INSTALL = YES;
				WRAPPER_EXTENSION = psxplugin;
			};
			name = Release;
		};
/* End XCBuildConfiguration section */

/* Begin XCConfigurationList section */
		5589A77624B2D129001A74BA /* Build configuration list for PBXProject "nullsio1" */ = {
			isa = XCConfigurationList;
			buildConfigurations = (
				5589A77F24B2D129001A74BA /* Debug */,
				5589A78024B2D129001A74BA /* Release */,
			);
			defaultConfigurationIsVisible = 0;
			defaultConfigurationName = Release;
		};
		5589A78124B2D129001A74BA /* Build configuration list for PBXNativeTarget "nullsio1" */ = {
			isa = XCConfigurationList;
			buildConfigurations = (
				5589A78224B2D129001A74BA /* Debug */,
				5589A78324B2D129001A74BA /* Release */,
			);
			defaultConfigurationIsVisible = 0;
			defaultConfigurationName = Release;
		};
/* End XCConfigurationList section */
	};
	rootObject = 5589A77324B2D129001A74BA /* Project object */;
}
