// !$*UTF8*$!
{
	archiveVersion = 1;
	classes = {
	};
	objectVersion = 46;
	objects = {

/* Begin PBXBuildFile section */
		550128AA1A11827F00468D09 /* InfoPlist.strings in Resources */ = {isa = PBXBuildFile; fileRef = 550128A81A11827F00468D09 /* InfoPlist.strings */; };
		551A76B7178693FF0052D185 /* Cocoa.framework in Frameworks */ = {isa = PBXBuildFile; fileRef = 551A749E17868B110052D185 /* Cocoa.framework */; };
		551A76BD1786953B0052D185 /* Credits.rtf in Resources */ = {isa = PBXBuildFile; fileRef = 551A756817868BEC0052D185 /* Credits.rtf */; };
		551A76BF1786953B0052D185 /* Localizable.strings in Resources */ = {isa = PBXBuildFile; fileRef = 551A756C17868BEC0052D185 /* Localizable.strings */; };
		551A76C01786953B0052D185 /* NetSfPeopsSoftGPUConfig.xib in Resources */ = {isa = PBXBuildFile; fileRef = 551A756E17868BEC0052D185 /* NetSfPeopsSoftGPUConfig.xib */; };
		551A76C11786953F0052D185 /* gpuPeteOGL2.slf in Resources */ = {isa = PBXBuildFile; fileRef = 551A757017868BEC0052D185 /* gpuPeteOGL2.slf */; };
		551A76C21786953F0052D185 /* gpuPeteOGL2.slv in Resources */ = {isa = PBXBuildFile; fileRef = 551A757117868BEC0052D185 /* gpuPeteOGL2.slv */; };
		551A76C31786953F0052D185 /* NetSfPeopsSoftGPUInterface.xib in Resources */ = {isa = PBXBuildFile; fileRef = 551A757F17868BED0052D185 /* NetSfPeopsSoftGPUInterface.xib */; };
		551A76C41786954B0052D185 /* drawgl.m in Sources */ = {isa = PBXBuildFile; fileRef = 551A757417868BEC0052D185 /* drawgl.m */; };
		551A76C51786954B0052D185 /* PluginConfigController.m in Sources */ = {isa = PBXBuildFile; fileRef = 551A757717868BEC0052D185 /* PluginConfigController.m */; };
		551A76C61786954B0052D185 /* PluginGLView.m in Sources */ = {isa = PBXBuildFile; fileRef = 551A757917868BEC0052D185 /* PluginGLView.m */; };
		551A76C71786954B0052D185 /* PluginWindow.m in Sources */ = {isa = PBXBuildFile; fileRef = 551A757B17868BEC0052D185 /* PluginWindow.m */; };
		551A76C81786954B0052D185 /* PluginWindowController.m in Sources */ = {isa = PBXBuildFile; fileRef = 551A757D17868BEC0052D185 /* PluginWindowController.m */; };
		551A76CA178695840052D185 /* fps.c in Sources */ = {isa = PBXBuildFile; fileRef = 551A763017868F270052D185 /* fps.c */; };
		551A76CB178695840052D185 /* gpu.c in Sources */ = {isa = PBXBuildFile; fileRef = 551A763217868F270052D185 /* gpu.c */; };
		551A76CC178695840052D185 /* key.c in Sources */ = {isa = PBXBuildFile; fileRef = 551A763B17868F280052D185 /* key.c */; };
		551A76CD178695840052D185 /* menu.c in Sources */ = {isa = PBXBuildFile; fileRef = 551A763F17868F280052D185 /* menu.c */; };
		551A76CE178695840052D185 /* prim.c in Sources */ = {isa = PBXBuildFile; fileRef = 551A764117868F280052D185 /* prim.c */; };
		551A76CF178695840052D185 /* soft.c in Sources */ = {isa = PBXBuildFile; fileRef = 551A764317868F280052D185 /* soft.c */; };
		551A76D0178695840052D185 /* zn.c in Sources */ = {isa = PBXBuildFile; fileRef = 551A764617868F280052D185 /* zn.c */; };
		551A76D3178695D10052D185 /* GLUT.framework in Frameworks */ = {isa = PBXBuildFile; fileRef = 551A76D1178695BD0052D185 /* GLUT.framework */; };
		551A76D4178695D20052D185 /* OpenGL.framework in Frameworks */ = {isa = PBXBuildFile; fileRef = 551A76D2178695C70052D185 /* OpenGL.framework */; };
/* End PBXBuildFile section */

/* Begin PBXFileReference section */
		2B976C00074C14B4007C050A /* Kernel.framework */ = {isa = PBXFileReference; lastKnownFileType = wrapper.framework; name = Kernel.framework; path = /System/Library/Frameworks/Kernel.framework; sourceTree = "<absolute>"; };
		550128A61A11824800468D09 /* en */ = {isa = PBXFileReference; lastKnownFileType = text.rtf; name = en; path = en.lproj/Credits.rtf; sourceTree = "<group>"; };
		550128A71A11824F00468D09 /* en */ = {isa = PBXFileReference; fileEncoding = 4; lastKnownFileType = text.plist.strings; name = en; path = en.lproj/Localizable.strings; sourceTree = "<group>"; };
		550128A91A11827F00468D09 /* en */ = {isa = PBXFileReference; fileEncoding = 4; lastKnownFileType = text.plist.strings; name = en; path = en.lproj/InfoPlist.strings; sourceTree = "<group>"; };
		550E343818E6293D00A1AD21 /* QuickLook.framework */ = {isa = PBXFileReference; lastKnownFileType = wrapper.framework; name = QuickLook.framework; path = System/Library/Frameworks/QuickLook.framework; sourceTree = SDKROOT; };
		551A749E17868B110052D185 /* Cocoa.framework */ = {isa = PBXFileReference; lastKnownFileType = wrapper.framework; name = Cocoa.framework; path = System/Library/Frameworks/Cocoa.framework; sourceTree = SDKROOT; };
		551A74A117868B110052D185 /* AppKit.framework */ = {isa = PBXFileReference; lastKnownFileType = wrapper.framework; name = AppKit.framework; path = System/Library/Frameworks/AppKit.framework; sourceTree = SDKROOT; };
		551A74A217868B110052D185 /* CoreData.framework */ = {isa = PBXFileReference; lastKnownFileType = wrapper.framework; name = CoreData.framework; path = System/Library/Frameworks/CoreData.framework; sourceTree = SDKROOT; };
		551A74A317868B110052D185 /* Foundation.framework */ = {isa = PBXFileReference; lastKnownFileType = wrapper.framework; name = Foundation.framework; path = System/Library/Frameworks/Foundation.framework; sourceTree = SDKROOT; };
		551A757017868BEC0052D185 /* gpuPeteOGL2.slf */ = {isa = PBXFileReference; lastKnownFileType = text; path = gpuPeteOGL2.slf; sourceTree = "<group>"; };
		551A757117868BEC0052D185 /* gpuPeteOGL2.slv */ = {isa = PBXFileReference; lastKnownFileType = text; path = gpuPeteOGL2.slv; sourceTree = "<group>"; };
		551A757217868BEC0052D185 /* Info.plist */ = {isa = PBXFileReference; lastKnownFileType = text.plist.xml; path = Info.plist; sourceTree = "<group>"; };
		551A757417868BEC0052D185 /* drawgl.m */ = {isa = PBXFileReference; lastKnownFileType = sourcecode.c.objc; path = drawgl.m; sourceTree = "<group>"; };
		551A757517868BEC0052D185 /* ExtendedKeys.h */ = {isa = PBXFileReference; lastKnownFileType = sourcecode.c.h; path = ExtendedKeys.h; sourceTree = "<group>"; };
		551A757617868BEC0052D185 /* PluginConfigController.h */ = {isa = PBXFileReference; lastKnownFileType = sourcecode.c.h; path = PluginConfigController.h; sourceTree = "<group>"; };
		551A757717868BEC0052D185 /* PluginConfigController.m */ = {isa = PBXFileReference; lastKnownFileType = sourcecode.c.objc; lineEnding = 0; path = PluginConfigController.m; sourceTree = "<group>"; xcLanguageSpecificationIdentifier = xcode.lang.objc; };
		551A757817868BEC0052D185 /* PluginGLView.h */ = {isa = PBXFileReference; lastKnownFileType = sourcecode.c.h; path = PluginGLView.h; sourceTree = "<group>"; };
		551A757917868BEC0052D185 /* PluginGLView.m */ = {isa = PBXFileReference; lastKnownFileType = sourcecode.c.objc; path = PluginGLView.m; sourceTree = "<group>"; };
		551A757A17868BEC0052D185 /* PluginWindow.h */ = {isa = PBXFileReference; lastKnownFileType = sourcecode.c.h; path = PluginWindow.h; sourceTree = "<group>"; };
		551A757B17868BEC0052D185 /* PluginWindow.m */ = {isa = PBXFileReference; lastKnownFileType = sourcecode.c.objc; path = PluginWindow.m; sourceTree = "<group>"; };
		551A757C17868BEC0052D185 /* PluginWindowController.h */ = {isa = PBXFileReference; lastKnownFileType = sourcecode.c.h; path = PluginWindowController.h; sourceTree = "<group>"; };
		551A757D17868BEC0052D185 /* PluginWindowController.m */ = {isa = PBXFileReference; lastKnownFileType = sourcecode.c.objc; path = PluginWindowController.m; sourceTree = "<group>"; };
		551A757E17868BEC0052D185 /* SGPUPreferences.h */ = {isa = PBXFileReference; lastKnownFileType = sourcecode.c.h; path = SGPUPreferences.h; sourceTree = "<group>"; };
		551A757F17868BED0052D185 /* NetSfPeopsSoftGPUInterface.xib */ = {isa = PBXFileReference; fileEncoding = 4; lastKnownFileType = file.xib; path = NetSfPeopsSoftGPUInterface.xib; sourceTree = "<group>"; };
		551A762B17868F270052D185 /* cfg.c */ = {isa = PBXFileReference; lastKnownFileType = sourcecode.c.c; path = cfg.c; sourceTree = "<group>"; };
		551A762C17868F270052D185 /* cfg.h */ = {isa = PBXFileReference; lastKnownFileType = sourcecode.c.h; path = cfg.h; sourceTree = "<group>"; };
		551A762D17868F270052D185 /* draw.c */ = {isa = PBXFileReference; lastKnownFileType = sourcecode.c.c; path = draw.c; sourceTree = "<group>"; };
		551A762E17868F270052D185 /* draw.h */ = {isa = PBXFileReference; lastKnownFileType = sourcecode.c.h; path = draw.h; sourceTree = "<group>"; };
		551A762F17868F270052D185 /* externals.h */ = {isa = PBXFileReference; lastKnownFileType = sourcecode.c.h; path = externals.h; sourceTree = "<group>"; };
		551A763017868F270052D185 /* fps.c */ = {isa = PBXFileReference; lastKnownFileType = sourcecode.c.c; path = fps.c; sourceTree = "<group>"; };
		551A763117868F270052D185 /* fps.h */ = {isa = PBXFileReference; lastKnownFileType = sourcecode.c.h; path = fps.h; sourceTree = "<group>"; };
		551A763217868F270052D185 /* gpu.c */ = {isa = PBXFileReference; lastKnownFileType = sourcecode.c.c; lineEnding = 0; path = gpu.c; sourceTree = "<group>"; xcLanguageSpecificationIdentifier = xcode.lang.c; };
		551A763317868F270052D185 /* gpu.h */ = {isa = PBXFileReference; lastKnownFileType = sourcecode.c.h; path = gpu.h; sourceTree = "<group>"; };
		551A763717868F270052D185 /* hq2x.h */ = {isa = PBXFileReference; lastKnownFileType = sourcecode.c.h; path = hq2x.h; sourceTree = "<group>"; };
		551A763817868F270052D185 /* hq3x.h */ = {isa = PBXFileReference; lastKnownFileType = sourcecode.c.h; path = hq3x.h; sourceTree = "<group>"; };
		551A763A17868F280052D185 /* interp.h */ = {isa = PBXFileReference; lastKnownFileType = sourcecode.c.h; path = interp.h; sourceTree = "<group>"; };
		551A763B17868F280052D185 /* key.c */ = {isa = PBXFileReference; lastKnownFileType = sourcecode.c.c; path = key.c; sourceTree = "<group>"; };
		551A763C17868F280052D185 /* key.h */ = {isa = PBXFileReference; lastKnownFileType = sourcecode.c.h; path = key.h; sourceTree = "<group>"; };
		551A763F17868F280052D185 /* menu.c */ = {isa = PBXFileReference; lastKnownFileType = sourcecode.c.c; path = menu.c; sourceTree = "<group>"; };
		551A764017868F280052D185 /* menu.h */ = {isa = PBXFileReference; lastKnownFileType = sourcecode.c.h; path = menu.h; sourceTree = "<group>"; };
		551A764117868F280052D185 /* prim.c */ = {isa = PBXFileReference; lastKnownFileType = sourcecode.c.c; path = prim.c; sourceTree = "<group>"; };
		551A764217868F280052D185 /* prim.h */ = {isa = PBXFileReference; lastKnownFileType = sourcecode.c.h; path = prim.h; sourceTree = "<group>"; };
		551A764317868F280052D185 /* soft.c */ = {isa = PBXFileReference; lastKnownFileType = sourcecode.c.c; path = soft.c; sourceTree = "<group>"; };
		551A764417868F280052D185 /* soft.h */ = {isa = PBXFileReference; lastKnownFileType = sourcecode.c.h; path = soft.h; sourceTree = "<group>"; };
		551A764517868F280052D185 /* swap.h */ = {isa = PBXFileReference; lastKnownFileType = sourcecode.c.h; path = swap.h; sourceTree = "<group>"; };
		551A764617868F280052D185 /* zn.c */ = {isa = PBXFileReference; lastKnownFileType = sourcecode.c.c; path = zn.c; sourceTree = "<group>"; };
		551A7684178691170052D185 /* IOKit.framework */ = {isa = PBXFileReference; lastKnownFileType = wrapper.framework; name = IOKit.framework; path = System/Library/Frameworks/IOKit.framework; sourceTree = SDKROOT; };
		551A76AC178693C60052D185 /* Carbon.framework */ = {isa = PBXFileReference; lastKnownFileType = wrapper.framework; name = Carbon.framework; path = System/Library/Frameworks/Carbon.framework; sourceTree = SDKROOT; };
		551A76AE178693D60052D185 /* ApplicationServices.framework */ = {isa = PBXFileReference; lastKnownFileType = wrapper.framework; name = ApplicationServices.framework; path = System/Library/Frameworks/ApplicationServices.framework; sourceTree = SDKROOT; };
		551A76AF178693D60052D185 /* CoreServices.framework */ = {isa = PBXFileReference; lastKnownFileType = wrapper.framework; name = CoreServices.framework; path = System/Library/Frameworks/CoreServices.framework; sourceTree = SDKROOT; };
		551A76B2178693EA0052D185 /* CoreFoundation.framework */ = {isa = PBXFileReference; lastKnownFileType = wrapper.framework; name = CoreFoundation.framework; path = System/Library/Frameworks/CoreFoundation.framework; sourceTree = SDKROOT; };
		551A76BC178693FF0052D185 /* PeopsSoftGPU.psxplugin */ = {isa = PBXFileReference; explicitFileType = wrapper.cfbundle; includeInIndex = 0; path = PeopsSoftGPU.psxplugin; sourceTree = BUILT_PRODUCTS_DIR; };
		551A76D1178695BD0052D185 /* GLUT.framework */ = {isa = PBXFileReference; lastKnownFileType = wrapper.framework; name = GLUT.framework; path = System/Library/Frameworks/GLUT.framework; sourceTree = SDKROOT; };
		551A76D2178695C70052D185 /* OpenGL.framework */ = {isa = PBXFileReference; lastKnownFileType = wrapper.framework; name = OpenGL.framework; path = System/Library/Frameworks/OpenGL.framework; sourceTree = SDKROOT; };
		551A76D8178696810052D185 /* libz.dylib */ = {isa = PBXFileReference; lastKnownFileType = "compiled.mach-o.dylib"; name = libz.dylib; path = usr/lib/libz.dylib; sourceTree = SDKROOT; };
		551A7723178699250052D185 /* OpenAL.framework */ = {isa = PBXFileReference; lastKnownFileType = wrapper.framework; name = OpenAL.framework; path = System/Library/Frameworks/OpenAL.framework; sourceTree = SDKROOT; };
		554FD70817C6A13E0056CF66 /* SDL2.framework */ = {isa = PBXFileReference; lastKnownFileType = wrapper.framework; name = SDL2.framework; path = /Library/Frameworks/SDL2.framework; sourceTree = "<absolute>"; };
		5569B0A5182F0B4A00991C9C /* Base */ = {isa = PBXFileReference; lastKnownFileType = file.xib; name = Base; path = Base.lproj/NetSfPeopsSoftGPUConfig.xib; sourceTree = "<group>"; };
		5569B0B9182F0BB100991C9C /* en */ = {isa = PBXFileReference; lastKnownFileType = text.plist.strings; name = en; path = en.lproj/NetSfPeopsSoftGPUConfig.strings; sourceTree = "<group>"; };
		55707E9718123582007CC5D0 /* hu */ = {isa = PBXFileReference; fileEncoding = 4; lastKnownFileType = text.plist.strings; name = hu; path = hu.lproj/Localizable.strings; sourceTree = "<group>"; };
		558328DB184F25AB00DFACE4 /* zh-Hans */ = {isa = PBXFileReference; lastKnownFileType = text.plist.strings; name = "zh-Hans"; path = "zh-Hans.lproj/NetSfPeopsSoftGPUConfig.strings"; sourceTree = "<group>"; };
		558328DC184F25B300DFACE4 /* zh-Hans */ = {isa = PBXFileReference; lastKnownFileType = text.rtf; name = "zh-Hans"; path = "zh-Hans.lproj/Credits.rtf"; sourceTree = "<group>"; };
		5589A68324B26BAB001A74BA /* Pcsxr.xcconfig */ = {isa = PBXFileReference; lastKnownFileType = text.xcconfig; name = Pcsxr.xcconfig; path = ../../Pcsxr.xcconfig; sourceTree = "<group>"; };
		5589A68424B26BAB001A74BA /* plugins.xcconfig */ = {isa = PBXFileReference; lastKnownFileType = text.xcconfig; name = plugins.xcconfig; path = ../../plugins.xcconfig; sourceTree = "<group>"; };
		5590BB8D1A87D5F10027F61B /* DFXVideo.exp */ = {isa = PBXFileReference; lastKnownFileType = sourcecode.exports; path = DFXVideo.exp; sourceTree = "<group>"; };
		5598AAF717D2D54C0024F71D /* fr */ = {isa = PBXFileReference; fileEncoding = 4; lastKnownFileType = text.plist.strings; name = fr; path = fr.lproj/Localizable.strings; sourceTree = "<group>"; };
		55CA586A17E799E6007424D5 /* DiskArbitration.framework */ = {isa = PBXFileReference; lastKnownFileType = wrapper.framework; name = DiskArbitration.framework; path = System/Library/Frameworks/DiskArbitration.framework; sourceTree = SDKROOT; };
		55E15993184564D4007983CB /* GLKit.framework */ = {isa = PBXFileReference; lastKnownFileType = wrapper.framework; name = GLKit.framework; path = System/Library/Frameworks/GLKit.framework; sourceTree = SDKROOT; };
		55E159BB1845BAEB007983CB /* fr */ = {isa = PBXFileReference; lastKnownFileType = text.plist.strings; name = fr; path = fr.lproj/NetSfPeopsSoftGPUConfig.strings; sourceTree = "<group>"; };
		55E159BD1845BAED007983CB /* hu */ = {isa = PBXFileReference; lastKnownFileType = text.plist.strings; name = hu; path = hu.lproj/NetSfPeopsSoftGPUConfig.strings; sourceTree = "<group>"; };
		55E5AD9E1AF53865000471C5 /* libarchive.dylib */ = {isa = PBXFileReference; lastKnownFileType = "compiled.mach-o.dylib"; name = libarchive.dylib; path = usr/lib/libarchive.dylib; sourceTree = SDKROOT; };
/* End PBXFileReference section */

/* Begin PBXFrameworksBuildPhase section */
		551A76B6178693FF0052D185 /* Frameworks */ = {
			isa = PBXFrameworksBuildPhase;
			buildActionMask = 2147483647;
			files = (
				551A76D4178695D20052D185 /* OpenGL.framework in Frameworks */,
				551A76B7178693FF0052D185 /* Cocoa.framework in Frameworks */,
				551A76D3178695D10052D185 /* GLUT.framework in Frameworks */,
			);
			runOnlyForDeploymentPostprocessing = 0;
		};
/* End PBXFrameworksBuildPhase section */

/* Begin PBXGroup section */
		08FB7794FE84155DC02AAC07 /* Pcsxr */ = {
			isa = PBXGroup;
			children = (
				5589A68324B26BAB001A74BA /* Pcsxr.xcconfig */,
				5589A68424B26BAB001A74BA /* plugins.xcconfig */,
				551A756617868BEC0052D185 /* DFXVideo */,
				551A749D17868B110052D185 /* Frameworks */,
				1AB674ADFE9D54B511CA2CBB /* Products */,
			);
			name = Pcsxr;
			sourceTree = "<group>";
		};
		1AB674ADFE9D54B511CA2CBB /* Products */ = {
			isa = PBXGroup;
			children = (
				551A76BC178693FF0052D185 /* PeopsSoftGPU.psxplugin */,
			);
			name = Products;
			sourceTree = "<group>";
		};
		551A749D17868B110052D185 /* Frameworks */ = {
			isa = PBXGroup;
			children = (
				55E5AD9E1AF53865000471C5 /* libarchive.dylib */,
				55E15993184564D4007983CB /* GLKit.framework */,
				554FD70817C6A13E0056CF66 /* SDL2.framework */,
				55CA586A17E799E6007424D5 /* DiskArbitration.framework */,
				551A7723178699250052D185 /* OpenAL.framework */,
				551A76D1178695BD0052D185 /* GLUT.framework */,
				551A76D2178695C70052D185 /* OpenGL.framework */,
				2B976C00074C14B4007C050A /* Kernel.framework */,
				551A76AC178693C60052D185 /* Carbon.framework */,
				551A749E17868B110052D185 /* Cocoa.framework */,
				551A7684178691170052D185 /* IOKit.framework */,
				551A76B2178693EA0052D185 /* CoreFoundation.framework */,
				551A76AE178693D60052D185 /* ApplicationServices.framework */,
				551A76AF178693D60052D185 /* CoreServices.framework */,
				551A74A117868B110052D185 /* AppKit.framework */,
				551A74A217868B110052D185 /* CoreData.framework */,
				551A74A317868B110052D185 /* Foundation.framework */,
				551A76D8178696810052D185 /* libz.dylib */,
				550E343818E6293D00A1AD21 /* QuickLook.framework */,
			);
			name = Frameworks;
			sourceTree = "<group>";
		};
		551A756617868BEC0052D185 /* DFXVideo */ = {
			isa = PBXGroup;
			children = (
				551A762A17868F270052D185 /* src */,
				551A757317868BEC0052D185 /* macsrc */,
				551A764717868F3D0052D185 /* Resources */,
			);
			name = DFXVideo;
			sourceTree = "<group>";
		};
		551A757317868BEC0052D185 /* macsrc */ = {
			isa = PBXGroup;
			children = (
				551A757417868BEC0052D185 /* drawgl.m */,
				551A757517868BEC0052D185 /* ExtendedKeys.h */,
				551A757617868BEC0052D185 /* PluginConfigController.h */,
				551A757717868BEC0052D185 /* PluginConfigController.m */,
				551A757817868BEC0052D185 /* PluginGLView.h */,
				551A757917868BEC0052D185 /* PluginGLView.m */,
				551A757A17868BEC0052D185 /* PluginWindow.h */,
				551A757B17868BEC0052D185 /* PluginWindow.m */,
				551A757C17868BEC0052D185 /* PluginWindowController.h */,
				551A757D17868BEC0052D185 /* PluginWindowController.m */,
				551A757E17868BEC0052D185 /* SGPUPreferences.h */,
			);
			path = macsrc;
			sourceTree = "<group>";
		};
		551A762A17868F270052D185 /* src */ = {
			isa = PBXGroup;
			children = (
				551A762B17868F270052D185 /* cfg.c */,
				551A762C17868F270052D185 /* cfg.h */,
				551A762D17868F270052D185 /* draw.c */,
				551A762E17868F270052D185 /* draw.h */,
				551A762F17868F270052D185 /* externals.h */,
				551A763017868F270052D185 /* fps.c */,
				551A763117868F270052D185 /* fps.h */,
				551A763217868F270052D185 /* gpu.c */,
				551A763317868F270052D185 /* gpu.h */,
				551A763717868F270052D185 /* hq2x.h */,
				551A763817868F270052D185 /* hq3x.h */,
				551A763A17868F280052D185 /* interp.h */,
				551A763B17868F280052D185 /* key.c */,
				551A763C17868F280052D185 /* key.h */,
				551A763F17868F280052D185 /* menu.c */,
				551A764017868F280052D185 /* menu.h */,
				551A764117868F280052D185 /* prim.c */,
				551A764217868F280052D185 /* prim.h */,
				551A764317868F280052D185 /* soft.c */,
				551A764417868F280052D185 /* soft.h */,
				551A764517868F280052D185 /* swap.h */,
				551A764617868F280052D185 /* zn.c */,
			);
			name = src;
			path = ../../../plugins/dfxvideo;
			sourceTree = "<group>";
		};
		551A764717868F3D0052D185 /* Resources */ = {
			isa = PBXGroup;
			children = (
				5590BB8D1A87D5F10027F61B /* DFXVideo.exp */,
				551A756817868BEC0052D185 /* Credits.rtf */,
				551A756C17868BEC0052D185 /* Localizable.strings */,
				550128A81A11827F00468D09 /* InfoPlist.strings */,
				551A756E17868BEC0052D185 /* NetSfPeopsSoftGPUConfig.xib */,
				551A757F17868BED0052D185 /* NetSfPeopsSoftGPUInterface.xib */,
				551A757017868BEC0052D185 /* gpuPeteOGL2.slf */,
				551A757117868BEC0052D185 /* gpuPeteOGL2.slv */,
				551A757217868BEC0052D185 /* Info.plist */,
			);
			name = Resources;
			sourceTree = "<group>";
		};
/* End PBXGroup section */

/* Begin PBXNativeTarget section */
		551A76B4178693FF0052D185 /* DFXVideo */ = {
			isa = PBXNativeTarget;
			buildConfigurationList = 551A76B9178693FF0052D185 /* Build configuration list for PBXNativeTarget "DFXVideo" */;
			buildPhases = (
				551A76B5178693FF0052D185 /* Sources */,
				551A76B6178693FF0052D185 /* Frameworks */,
				551A76B8178693FF0052D185 /* Resources */,
			);
			buildRules = (
			);
			dependencies = (
			);
			name = DFXVideo;
			productName = BasePlugin;
			productReference = 551A76BC178693FF0052D185 /* PeopsSoftGPU.psxplugin */;
			productType = "com.apple.product-type.bundle";
		};
/* End PBXNativeTarget section */

/* Begin PBXProject section */
		551B7793FE84155DC02AAC0F /* Project object */ = {
			isa = PBXProject;
			attributes = {
				LastSwiftUpdateCheck = 0700;
				LastUpgradeCheck = 0930;
			};
			buildConfigurationList = 71F353F80FD98DFE00CBEC28 /* Build configuration list for PBXProject "DFXVideo" */;
			compatibilityVersion = "Xcode 3.2";
			developmentRegion = en;
			hasScannedForEncodings = 1;
			knownRegions = (
				Base,
				en,
				ja,
				es,
				fr,
				de,
				"pt-BR",
				"zh-Hant-TW",
				ru,
				it,
				hu,
				"zh-Hans",
				"zh-Hant",
				"ko-KR",
			);
			mainGroup = 08FB7794FE84155DC02AAC07 /* Pcsxr */;
			projectDirPath = "";
			projectRoot = "";
			targets = (
				551A76B4178693FF0052D185 /* DFXVideo */,
			);
		};
/* End PBXProject section */

/* Begin PBXResourcesBuildPhase section */
		551A76B8178693FF0052D185 /* Resources */ = {
			isa = PBXResourcesBuildPhase;
			buildActionMask = 2147483647;
			files = (
				551A76BD1786953B0052D185 /* Credits.rtf in Resources */,
				550128AA1A11827F00468D09 /* InfoPlist.strings in Resources */,
				551A76BF1786953B0052D185 /* Localizable.strings in Resources */,
				551A76C01786953B0052D185 /* NetSfPeopsSoftGPUConfig.xib in Resources */,
				551A76C11786953F0052D185 /* gpuPeteOGL2.slf in Resources */,
				551A76C21786953F0052D185 /* gpuPeteOGL2.slv in Resources */,
				551A76C31786953F0052D185 /* NetSfPeopsSoftGPUInterface.xib in Resources */,
			);
			runOnlyForDeploymentPostprocessing = 0;
		};
/* End PBXResourcesBuildPhase section */

/* Begin PBXSourcesBuildPhase section */
		551A76B5178693FF0052D185 /* Sources */ = {
			isa = PBXSourcesBuildPhase;
			buildActionMask = 2147483647;
			files = (
				551A76C41786954B0052D185 /* drawgl.m in Sources */,
				551A76C51786954B0052D185 /* PluginConfigController.m in Sources */,
				551A76C61786954B0052D185 /* PluginGLView.m in Sources */,
				551A76C71786954B0052D185 /* PluginWindow.m in Sources */,
				551A76C81786954B0052D185 /* PluginWindowController.m in Sources */,
				551A76CA178695840052D185 /* fps.c in Sources */,
				551A76CB178695840052D185 /* gpu.c in Sources */,
				551A76CC178695840052D185 /* key.c in Sources */,
				551A76CD178695840052D185 /* menu.c in Sources */,
				551A76CE178695840052D185 /* prim.c in Sources */,
				551A76CF178695840052D185 /* soft.c in Sources */,
				551A76D0178695840052D185 /* zn.c in Sources */,
			);
			runOnlyForDeploymentPostprocessing = 0;
		};
/* End PBXSourcesBuildPhase section */

/* Begin PBXVariantGroup section */
		550128A81A11827F00468D09 /* InfoPlist.strings */ = {
			isa = PBXVariantGroup;
			children = (
				550128A91A11827F00468D09 /* en */,
			);
			name = InfoPlist.strings;
			sourceTree = "<group>";
		};
		551A756817868BEC0052D185 /* Credits.rtf */ = {
			isa = PBXVariantGroup;
			children = (
				558328DC184F25B300DFACE4 /* zh-Hans */,
				550128A61A11824800468D09 /* en */,
			);
			name = Credits.rtf;
			sourceTree = "<group>";
		};
		551A756C17868BEC0052D185 /* Localizable.strings */ = {
			isa = PBXVariantGroup;
			children = (
				5598AAF717D2D54C0024F71D /* fr */,
				55707E9718123582007CC5D0 /* hu */,
				550128A71A11824F00468D09 /* en */,
			);
			name = Localizable.strings;
			sourceTree = "<group>";
		};
		551A756E17868BEC0052D185 /* NetSfPeopsSoftGPUConfig.xib */ = {
			isa = PBXVariantGroup;
			children = (
				5569B0A5182F0B4A00991C9C /* Base */,
				5569B0B9182F0BB100991C9C /* en */,
				55E159BB1845BAEB007983CB /* fr */,
				55E159BD1845BAED007983CB /* hu */,
				558328DB184F25AB00DFACE4 /* zh-Hans */,
			);
			name = NetSfPeopsSoftGPUConfig.xib;
			sourceTree = "<group>";
		};
/* End PBXVariantGroup section */

/* Begin XCBuildConfiguration section */
		551A76BA178693FF0052D185 /* Debug */ = {
			isa = XCBuildConfiguration;
			buildSettings = {
				CLANG_ENABLE_MODULES = NO;
				CLANG_WARN_EMPTY_BODY = YES;
				CODE_SIGN_IDENTITY = "";
				EXPORTED_SYMBOLS_FILE = DFXVideo.exp;
				GCC_PREPROCESSOR_DEFINITIONS = (
					_MACGL,
					_DARWIN,
					"$(inherited)",
				);
				GCC_PREPROCESSOR_DEFINITIONS_NOT_USED_IN_PRECOMPS = "PCSXRPLUG=SoftGL";
				INFOPLIST_FILE = Info.plist;
				INSTALL_PATH = "$(USER_LIBRARY_DIR)/Playstation Emulator Plugins";
				OTHER_CFLAGS = "$(OPTIMIZATION_CFLAGS)";
				PRODUCT_BUNDLE_IDENTIFIER = net.sf.peops.SoftGpuGLPlugin;
				PRODUCT_NAME = PeopsSoftGPU;
				WRAPPER_EXTENSION = psxplugin;
			};
			name = Debug;
		};
		551A76BB178693FF0052D185 /* Release */ = {
			isa = XCBuildConfiguration;
			buildSettings = {
				CLANG_ENABLE_MODULES = NO;
				CLANG_WARN_EMPTY_BODY = YES;
				CODE_SIGN_IDENTITY = "";
				EXPORTED_SYMBOLS_FILE = DFXVideo.exp;
				GCC_PREPROCESSOR_DEFINITIONS = (
					_MACGL,
					_DARWIN,
					"$(inherited)",
				);
				GCC_PREPROCESSOR_DEFINITIONS_NOT_USED_IN_PRECOMPS = "PCSXRPLUG=SoftGL";
				INFOPLIST_FILE = Info.plist;
				INSTALL_PATH = "$(USER_LIBRARY_DIR)/Playstation Emulator Plugins";
				OTHER_CFLAGS = "$(OPTIMIZATION_CFLAGS)";
				PRODUCT_BUNDLE_IDENTIFIER = net.sf.peops.SoftGpuGLPlugin;
				PRODUCT_NAME = PeopsSoftGPU;
				WRAPPER_EXTENSION = psxplugin;
			};
			name = Release;
		};
		557649B91786B09E007C4457 /* Instrument */ = {
			isa = XCBuildConfiguration;
			baseConfigurationReference = 5589A68424B26BAB001A74BA /* plugins.xcconfig */;
			buildSettings = {
				ALWAYS_SEARCH_USER_PATHS = NO;
				CLANG_ANALYZER_LOCALIZABILITY_NONLOCALIZED = YES;
				CLANG_CXX_LANGUAGE_STANDARD = "gnu++0x";
				CLANG_CXX_LIBRARY = "libc++";
				CLANG_ENABLE_MODULES = YES;
				CLANG_ENABLE_OBJC_ARC = YES;
				CLANG_WARN_BLOCK_CAPTURE_AUTORELEASING = YES;
				CLANG_WARN_BOOL_CONVERSION = YES;
				CLANG_WARN_COMMA = NO;
				CLANG_WARN_CONSTANT_CONVERSION = YES;
				CLANG_WARN_DEPRECATED_OBJC_IMPLEMENTATIONS = YES;
				CLANG_WARN_DIRECT_OBJC_ISA_USAGE = YES_ERROR;
				CLANG_WARN_EMPTY_BODY = YES;
				CLANG_WARN_ENUM_CONVERSION = YES;
				CLANG_WARN_INFINITE_RECURSION = YES;
				CLANG_WARN_INT_CONVERSION = YES;
				CLANG_WARN_NON_LITERAL_NULL_CONVERSION = YES;
				CLANG_WARN_OBJC_IMPLICIT_RETAIN_SELF = YES;
				CLANG_WARN_OBJC_LITERAL_CONVERSION = YES;
				CLANG_WARN_OBJC_ROOT_CLASS = YES_ERROR;
				CLANG_WARN_RANGE_LOOP_ANALYSIS = YES;
				CLANG_WARN_STRICT_PROTOTYPES = YES;
				CLANG_WARN_SUSPICIOUS_MOVE = YES;
				CLANG_WARN_UNREACHABLE_CODE = YES;
				CLANG_WARN__DUPLICATE_METHOD_MATCH = YES;
				CODE_SIGN_IDENTITY = "-";
				COMBINE_HIDPI_IMAGES = YES;
				DEAD_CODE_STRIPPING = YES;
				DEBUG_PREPROCESSOR_DEFINITIONS = "";
				ENABLE_NS_ASSERTIONS = NO;
				ENABLE_STRICT_OBJC_MSGSEND = YES;
				GCC_C_LANGUAGE_STANDARD = gnu99;
				GCC_GENERATE_DEBUGGING_SYMBOLS = YES;
				GCC_INCREASE_PRECOMPILED_HEADER_SHARING = YES;
				GCC_NO_COMMON_BLOCKS = YES;
				GCC_PREPROCESSOR_DEFINITIONS = (
					"_MACOSX=1",
					"$(DEBUG_PREPROCESSOR_DEFINITIONS)",
				);
				GCC_SYMBOLS_PRIVATE_EXTERN = NO;
				GCC_WARN_64_TO_32_BIT_CONVERSION = NO;
				GCC_WARN_ABOUT_POINTER_SIGNEDNESS = NO;
				GCC_WARN_ABOUT_RETURN_TYPE = YES_ERROR;
				GCC_WARN_UNDECLARED_SELECTOR = YES;
				GCC_WARN_UNINITIALIZED_AUTOS = YES_AGGRESSIVE;
				GCC_WARN_UNUSED_FUNCTION = YES;
				GCC_WARN_UNUSED_VARIABLE = YES;
				GENERATE_PKGINFO_FILE = YES;
				PRODUCT_NAME = "$(TARGET_NAME)";
				SDKROOT = macosx;
				SKIP_INSTALL = YES;
				STRINGS_FILE_OUTPUT_ENCODING = binary;
				WARNING_CFLAGS = (
					"-Wno-comment",
					"-Wobjc-interface-ivars",
				);
			};
			name = Instrument;
		};
		557649BF1786B09E007C4457 /* Instrument */ = {
			isa = XCBuildConfiguration;
			buildSettings = {
				CLANG_ENABLE_MODULES = NO;
				CLANG_WARN_EMPTY_BODY = YES;
				CODE_SIGN_IDENTITY = "";
				EXPORTED_SYMBOLS_FILE = DFXVideo.exp;
				GCC_PREPROCESSOR_DEFINITIONS = (
					_MACGL,
					_DARWIN,
					"$(inherited)",
				);
				GCC_PREPROCESSOR_DEFINITIONS_NOT_USED_IN_PRECOMPS = "PCSXRPLUG=SoftGL";
				INFOPLIST_FILE = Info.plist;
				INSTALL_PATH = "$(USER_LIBRARY_DIR)/Playstation Emulator Plugins";
				OTHER_CFLAGS = "$(OPTIMIZATION_CFLAGS)";
				PRODUCT_BUNDLE_IDENTIFIER = net.sf.peops.SoftGpuGLPlugin;
				PRODUCT_NAME = PeopsSoftGPU;
				WRAPPER_EXTENSION = psxplugin;
			};
			name = Instrument;
		};
		71F353F90FD98DFE00CBEC28 /* Debug */ = {
			isa = XCBuildConfiguration;
			baseConfigurationReference = 5589A68424B26BAB001A74BA /* plugins.xcconfig */;
			buildSettings = {
				ALWAYS_SEARCH_USER_PATHS = NO;
				CLANG_ANALYZER_LOCALIZABILITY_NONLOCALIZED = YES;
				CLANG_CXX_LANGUAGE_STANDARD = "gnu++0x";
				CLANG_CXX_LIBRARY = "libc++";
				CLANG_ENABLE_MODULES = YES;
				CLANG_ENABLE_OBJC_ARC = YES;
				CLANG_WARN_BLOCK_CAPTURE_AUTORELEASING = YES;
				CLANG_WARN_BOOL_CONVERSION = YES;
				CLANG_WARN_COMMA = NO;
				CLANG_WARN_CONSTANT_CONVERSION = YES;
				CLANG_WARN_DEPRECATED_OBJC_IMPLEMENTATIONS = YES;
				CLANG_WARN_DIRECT_OBJC_ISA_USAGE = YES_ERROR;
				CLANG_WARN_EMPTY_BODY = YES;
				CLANG_WARN_ENUM_CONVERSION = YES;
				CLANG_WARN_INFINITE_RECURSION = YES;
				CLANG_WARN_INT_CONVERSION = YES;
				CLANG_WARN_NON_LITERAL_NULL_CONVERSION = YES;
				CLANG_WARN_OBJC_IMPLICIT_RETAIN_SELF = YES;
				CLANG_WARN_OBJC_LITERAL_CONVERSION = YES;
				CLANG_WARN_OBJC_ROOT_CLASS = YES_ERROR;
				CLANG_WARN_RANGE_LOOP_ANALYSIS = YES;
				CLANG_WARN_STRICT_PROTOTYPES = YES;
				CLANG_WARN_SUSPICIOUS_MOVE = YES;
				CLANG_WARN_UNREACHABLE_CODE = YES;
				CLANG_WARN__DUPLICATE_METHOD_MATCH = YES;
				CODE_SIGN_IDENTITY = "-";
				COMBINE_HIDPI_IMAGES = YES;
				COPY_PHASE_STRIP = NO;
				DEAD_CODE_STRIPPING = NO;
				DEBUG_PREPROCESSOR_DEFINITIONS = "DEBUG=1";
				ENABLE_STRICT_OBJC_MSGSEND = YES;
				ENABLE_TESTABILITY = YES;
				GCC_C_LANGUAGE_STANDARD = gnu99;
				GCC_GENERATE_DEBUGGING_SYMBOLS = YES;
				GCC_INCREASE_PRECOMPILED_HEADER_SHARING = YES;
				GCC_NO_COMMON_BLOCKS = YES;
				GCC_OPTIMIZATION_LEVEL = 0;
				GCC_PREPROCESSOR_DEFINITIONS = (
					"_MACOSX=1",
					"$(DEBUG_PREPROCESSOR_DEFINITIONS)",
				);
				GCC_SYMBOLS_PRIVATE_EXTERN = NO;
				GCC_WARN_64_TO_32_BIT_CONVERSION = NO;
				GCC_WARN_ABOUT_POINTER_SIGNEDNESS = NO;
				GCC_WARN_ABOUT_RETURN_TYPE = YES_ERROR;
				GCC_WARN_UNDECLARED_SELECTOR = YES;
				GCC_WARN_UNINITIALIZED_AUTOS = YES_AGGRESSIVE;
				GCC_WARN_UNUSED_FUNCTION = YES;
				GCC_WARN_UNUSED_VARIABLE = YES;
				GENERATE_PKGINFO_FILE = YES;
				ONLY_ACTIVE_ARCH = YES;
				PRODUCT_NAME = "$(TARGET_NAME)";
				SDKROOT = macosx;
				SKIP_INSTALL = YES;
				STRINGS_FILE_OUTPUT_ENCODING = binary;
				STRIP_INSTALLED_PRODUCT = NO;
				WARNING_CFLAGS = (
					"-Wno-comment",
					"-Wobjc-interface-ivars",
				);
			};
			name = Debug;
		};
		71F353FA0FD98DFE00CBEC28 /* Release */ = {
			isa = XCBuildConfiguration;
			baseConfigurationReference = 5589A68424B26BAB001A74BA /* plugins.xcconfig */;
			buildSettings = {
				ALWAYS_SEARCH_USER_PATHS = NO;
				CLANG_ANALYZER_LOCALIZABILITY_NONLOCALIZED = YES;
				CLANG_CXX_LANGUAGE_STANDARD = "gnu++0x";
				CLANG_CXX_LIBRARY = "libc++";
				CLANG_ENABLE_MODULES = YES;
				CLANG_ENABLE_OBJC_ARC = YES;
				CLANG_WARN_BLOCK_CAPTURE_AUTORELEASING = YES;
				CLANG_WARN_BOOL_CONVERSION = YES;
				CLANG_WARN_COMMA = NO;
				CLANG_WARN_CONSTANT_CONVERSION = YES;
				CLANG_WARN_DEPRECATED_OBJC_IMPLEMENTATIONS = YES;
				CLANG_WARN_DIRECT_OBJC_ISA_USAGE = YES_ERROR;
				CLANG_WARN_EMPTY_BODY = YES;
				CLANG_WARN_ENUM_CONVERSION = YES;
				CLANG_WARN_INFINITE_RECURSION = YES;
				CLANG_WARN_INT_CONVERSION = YES;
				CLANG_WARN_NON_LITERAL_NULL_CONVERSION = YES;
				CLANG_WARN_OBJC_IMPLICIT_RETAIN_SELF = YES;
				CLANG_WARN_OBJC_LITERAL_CONVERSION = YES;
				CLANG_WARN_OBJC_ROOT_CLASS = YES_ERROR;
				CLANG_WARN_RANGE_LOOP_ANALYSIS = YES;
				CLANG_WARN_STRICT_PROTOTYPES = YES;
				CLANG_WARN_SUSPICIOUS_MOVE = YES;
				CLANG_WARN_UNREACHABLE_CODE = YES;
				CLANG_WARN__DUPLICATE_METHOD_MATCH = YES;
				CODE_SIGN_IDENTITY = "-";
				COMBINE_HIDPI_IMAGES = YES;
				DEAD_CODE_STRIPPING = YES;
				DEBUG_PREPROCESSOR_DEFINITIONS = "";
				ENABLE_NS_ASSERTIONS = NO;
				ENABLE_STRICT_OBJC_MSGSEND = YES;
				GCC_C_LANGUAGE_STANDARD = gnu99;
				GCC_GENERATE_DEBUGGING_SYMBOLS = YES;
				GCC_INCREASE_PRECOMPILED_HEADER_SHARING = YES;
				GCC_NO_COMMON_BLOCKS = YES;
				GCC_PREPROCESSOR_DEFINITIONS = (
					"_MACOSX=1",
					"$(DEBUG_PREPROCESSOR_DEFINITIONS)",
				);
				GCC_WARN_64_TO_32_BIT_CONVERSION = NO;
				GCC_WARN_ABOUT_POINTER_SIGNEDNESS = NO;
				GCC_WARN_ABOUT_RETURN_TYPE = YES_ERROR;
				GCC_WARN_UNDECLARED_SELECTOR = YES;
				GCC_WARN_UNINITIALIZED_AUTOS = YES_AGGRESSIVE;
				GCC_WARN_UNUSED_FUNCTION = YES;
				GCC_WARN_UNUSED_VARIABLE = YES;
				GENERATE_PKGINFO_FILE = YES;
				LLVM_LTO = YES;
				PRODUCT_NAME = "$(TARGET_NAME)";
				SDKROOT = macosx;
				SKIP_INSTALL = YES;
				STRINGS_FILE_OUTPUT_ENCODING = binary;
				WARNING_CFLAGS = (
					"-Wno-comment",
					"-Wobjc-interface-ivars",
				);
			};
			name = Release;
		};
/* End XCBuildConfiguration section */

/* Begin XCConfigurationList section */
		551A76B9178693FF0052D185 /* Build configuration list for PBXNativeTarget "DFXVideo" */ = {
			isa = XCConfigurationList;
			buildConfigurations = (
				551A76BA178693FF0052D185 /* Debug */,
				551A76BB178693FF0052D185 /* Release */,
				557649BF1786B09E007C4457 /* Instrument */,
			);
			defaultConfigurationIsVisible = 0;
			defaultConfigurationName = Release;
		};
		71F353F80FD98DFE00CBEC28 /* Build configuration list for PBXProject "DFXVideo" */ = {
			isa = XCConfigurationList;
			buildConfigurations = (
				71F353F90FD98DFE00CBEC28 /* Debug */,
				71F353FA0FD98DFE00CBEC28 /* Release */,
				557649B91786B09E007C4457 /* Instrument */,
			);
			defaultConfigurationIsVisible = 0;
			defaultConfigurationName = Release;
		};
/* End XCConfigurationList section */
	};
	rootObject = 551B7793FE84155DC02AAC0F /* Project object */;
}
